// !$*UTF8*$!
{
	archiveVersion = 1;
	classes = {
	};
	objectVersion = 46;
	objects = {

/* Begin PBXBuildFile section */
		1AC6FB21180E996B004C840B /* libcocos2d Mac.a in Frameworks */ = {isa = PBXBuildFile; fileRef = 1AC6FAF9180E9839004C840B /* libcocos2d Mac.a */; };
		1AC6FB30180E99EB004C840B /* libcocos2d iOS.a in Frameworks */ = {isa = PBXBuildFile; fileRef = 1AC6FB07180E9839004C840B /* libcocos2d iOS.a */; };
		1D60589F0D05DD5A006BFB54 /* Foundation.framework in Frameworks */ = {isa = PBXBuildFile; fileRef = 1D30AB110D05D00D00671497 /* Foundation.framework */; };
		1DF5F4E00D08C38300B7A737 /* UIKit.framework in Frameworks */ = {isa = PBXBuildFile; fileRef = 1DF5F4DF0D08C38300B7A737 /* UIKit.framework */; };
		288765A50DF7441C002DB57D /* CoreGraphics.framework in Frameworks */ = {isa = PBXBuildFile; fileRef = 288765A40DF7441C002DB57D /* CoreGraphics.framework */; };
		3EACC98F19EE6D4300EB3C5E /* res in Resources */ = {isa = PBXBuildFile; fileRef = 3EACC98E19EE6D4300EB3C5E /* res */; };
		3EACC99019EE6D4300EB3C5E /* res in Resources */ = {isa = PBXBuildFile; fileRef = 3EACC98E19EE6D4300EB3C5E /* res */; };
		46880B7B19C43A67006E1F66 /* CloseNormal.png in Resources */ = {isa = PBXBuildFile; fileRef = 46880B7619C43A67006E1F66 /* CloseNormal.png */; };
		46880B7C19C43A67006E1F66 /* CloseNormal.png in Resources */ = {isa = PBXBuildFile; fileRef = 46880B7619C43A67006E1F66 /* CloseNormal.png */; };
		46880B7D19C43A67006E1F66 /* CloseSelected.png in Resources */ = {isa = PBXBuildFile; fileRef = 46880B7719C43A67006E1F66 /* CloseSelected.png */; };
		46880B7E19C43A67006E1F66 /* CloseSelected.png in Resources */ = {isa = PBXBuildFile; fileRef = 46880B7719C43A67006E1F66 /* CloseSelected.png */; };
		46880B8119C43A67006E1F66 /* HelloWorld.png in Resources */ = {isa = PBXBuildFile; fileRef = 46880B7A19C43A67006E1F66 /* HelloWorld.png */; };
		46880B8219C43A67006E1F66 /* HelloWorld.png in Resources */ = {isa = PBXBuildFile; fileRef = 46880B7A19C43A67006E1F66 /* HelloWorld.png */; };
		46880B8819C43A87006E1F66 /* AppDelegate.cpp in Sources */ = {isa = PBXBuildFile; fileRef = 46880B8419C43A87006E1F66 /* AppDelegate.cpp */; };
		46880B8919C43A87006E1F66 /* AppDelegate.cpp in Sources */ = {isa = PBXBuildFile; fileRef = 46880B8419C43A87006E1F66 /* AppDelegate.cpp */; };
		503AE0F817EB97AB00D1A890 /* Icon.icns in Resources */ = {isa = PBXBuildFile; fileRef = 503AE0F617EB97AB00D1A890 /* Icon.icns */; };
		503AE10017EB989F00D1A890 /* AppController.mm in Sources */ = {isa = PBXBuildFile; fileRef = 503AE0FB17EB989F00D1A890 /* AppController.mm */; };
		503AE10117EB989F00D1A890 /* main.m in Sources */ = {isa = PBXBuildFile; fileRef = 503AE0FC17EB989F00D1A890 /* main.m */; };
		503AE10217EB989F00D1A890 /* RootViewController.mm in Sources */ = {isa = PBXBuildFile; fileRef = 503AE0FF17EB989F00D1A890 /* RootViewController.mm */; };
		503AE10517EB98FF00D1A890 /* main.cpp in Sources */ = {isa = PBXBuildFile; fileRef = 503AE10317EB98FF00D1A890 /* main.cpp */; };
		503AE11B17EB9C5A00D1A890 /* IOKit.framework in Frameworks */ = {isa = PBXBuildFile; fileRef = 503AE11A17EB9C5A00D1A890 /* IOKit.framework */; };
		5087E76317EB910900C73F5D /* Foundation.framework in Frameworks */ = {isa = PBXBuildFile; fileRef = 1D30AB110D05D00D00671497 /* Foundation.framework */; };
		5087E76717EB910900C73F5D /* libz.dylib in Frameworks */ = {isa = PBXBuildFile; fileRef = BF170DB412928DE900B8313A /* libz.dylib */; };
		5087E76817EB910900C73F5D /* QuartzCore.framework in Frameworks */ = {isa = PBXBuildFile; fileRef = BF1C47EA1293683800B63C5D /* QuartzCore.framework */; };
		5087E76917EB910900C73F5D /* OpenAL.framework in Frameworks */ = {isa = PBXBuildFile; fileRef = D44C620B132DFF330009C878 /* OpenAL.framework */; };
		5087E76A17EB910900C73F5D /* AVFoundation.framework in Frameworks */ = {isa = PBXBuildFile; fileRef = D44C620D132DFF430009C878 /* AVFoundation.framework */; };
		5087E76B17EB910900C73F5D /* AudioToolbox.framework in Frameworks */ = {isa = PBXBuildFile; fileRef = D44C620F132DFF4E0009C878 /* AudioToolbox.framework */; };
		5087E77D17EB970100C73F5D /* Default-568h@2x.png in Resources */ = {isa = PBXBuildFile; fileRef = 5087E77217EB970100C73F5D /* Default-568h@2x.png */; };
		5087E77E17EB970100C73F5D /* Default.png in Resources */ = {isa = PBXBuildFile; fileRef = 5087E77317EB970100C73F5D /* Default.png */; };
		5087E77F17EB970100C73F5D /* Default@2x.png in Resources */ = {isa = PBXBuildFile; fileRef = 5087E77417EB970100C73F5D /* Default@2x.png */; };
		5087E78017EB970100C73F5D /* Icon-114.png in Resources */ = {isa = PBXBuildFile; fileRef = 5087E77517EB970100C73F5D /* Icon-114.png */; };
		5087E78117EB970100C73F5D /* Icon-120.png in Resources */ = {isa = PBXBuildFile; fileRef = 5087E77617EB970100C73F5D /* Icon-120.png */; };
		5087E78217EB970100C73F5D /* Icon-144.png in Resources */ = {isa = PBXBuildFile; fileRef = 5087E77717EB970100C73F5D /* Icon-144.png */; };
		5087E78317EB970100C73F5D /* Icon-152.png in Resources */ = {isa = PBXBuildFile; fileRef = 5087E77817EB970100C73F5D /* Icon-152.png */; };
		5087E78417EB970100C73F5D /* Icon-57.png in Resources */ = {isa = PBXBuildFile; fileRef = 5087E77917EB970100C73F5D /* Icon-57.png */; };
		5087E78517EB970100C73F5D /* Icon-72.png in Resources */ = {isa = PBXBuildFile; fileRef = 5087E77A17EB970100C73F5D /* Icon-72.png */; };
		5087E78617EB970100C73F5D /* Icon-76.png in Resources */ = {isa = PBXBuildFile; fileRef = 5087E77B17EB970100C73F5D /* Icon-76.png */; };
		5087E78917EB974C00C73F5D /* AppKit.framework in Frameworks */ = {isa = PBXBuildFile; fileRef = 5087E78817EB974C00C73F5D /* AppKit.framework */; };
		5087E78B17EB975400C73F5D /* OpenGL.framework in Frameworks */ = {isa = PBXBuildFile; fileRef = 5087E78A17EB975400C73F5D /* OpenGL.framework */; };
		50EF629617ECD46A001EB2F8 /* Icon-40.png in Resources */ = {isa = PBXBuildFile; fileRef = 50EF629217ECD46A001EB2F8 /* Icon-40.png */; };
		50EF629717ECD46A001EB2F8 /* Icon-58.png in Resources */ = {isa = PBXBuildFile; fileRef = 50EF629317ECD46A001EB2F8 /* Icon-58.png */; };
		50EF629817ECD46A001EB2F8 /* Icon-80.png in Resources */ = {isa = PBXBuildFile; fileRef = 50EF629417ECD46A001EB2F8 /* Icon-80.png */; };
		50EF629917ECD46A001EB2F8 /* Icon-100.png in Resources */ = {isa = PBXBuildFile; fileRef = 50EF629517ECD46A001EB2F8 /* Icon-100.png */; };
		50EF62A217ECD613001EB2F8 /* Icon-29.png in Resources */ = {isa = PBXBuildFile; fileRef = 50EF62A017ECD613001EB2F8 /* Icon-29.png */; };
		50EF62A317ECD613001EB2F8 /* Icon-50.png in Resources */ = {isa = PBXBuildFile; fileRef = 50EF62A117ECD613001EB2F8 /* Icon-50.png */; };
		521A8E6419F0C34300D177D7 /* Default-667h@2x.png in Resources */ = {isa = PBXBuildFile; fileRef = 521A8E6219F0C34300D177D7 /* Default-667h@2x.png */; };
		521A8E6519F0C34300D177D7 /* Default-736h@3x.png in Resources */ = {isa = PBXBuildFile; fileRef = 521A8E6319F0C34300D177D7 /* Default-736h@3x.png */; };
		521A8EA919F11F5000D177D7 /* fonts in Resources */ = {isa = PBXBuildFile; fileRef = 521A8EA819F11F5000D177D7 /* fonts */; };
		521A8EAA19F11F5000D177D7 /* fonts in Resources */ = {isa = PBXBuildFile; fileRef = 521A8EA819F11F5000D177D7 /* fonts */; };
		52B47A471A53D09C004E4C60 /* Security.framework in Frameworks */ = {isa = PBXBuildFile; fileRef = 52B47A461A53D09B004E4C60 /* Security.framework */; };
		71000E1D1B6FE38800AF4F23 /* splashDown1.png in Resources */ = {isa = PBXBuildFile; fileRef = 71000E0E1B6FE38800AF4F23 /* splashDown1.png */; };
		71000E1E1B6FE38800AF4F23 /* splashDown1.png in Resources */ = {isa = PBXBuildFile; fileRef = 71000E0E1B6FE38800AF4F23 /* splashDown1.png */; };
		71000E1F1B6FE38800AF4F23 /* splashDown2.png in Resources */ = {isa = PBXBuildFile; fileRef = 71000E0F1B6FE38800AF4F23 /* splashDown2.png */; };
		71000E201B6FE38800AF4F23 /* splashDown2.png in Resources */ = {isa = PBXBuildFile; fileRef = 71000E0F1B6FE38800AF4F23 /* splashDown2.png */; };
		71000E211B6FE38800AF4F23 /* splashDown3.png in Resources */ = {isa = PBXBuildFile; fileRef = 71000E101B6FE38800AF4F23 /* splashDown3.png */; };
		71000E221B6FE38800AF4F23 /* splashDown3.png in Resources */ = {isa = PBXBuildFile; fileRef = 71000E101B6FE38800AF4F23 /* splashDown3.png */; };
		71000E231B6FE38800AF4F23 /* splashLowerRight1.png in Resources */ = {isa = PBXBuildFile; fileRef = 71000E111B6FE38800AF4F23 /* splashLowerRight1.png */; };
		71000E241B6FE38800AF4F23 /* splashLowerRight1.png in Resources */ = {isa = PBXBuildFile; fileRef = 71000E111B6FE38800AF4F23 /* splashLowerRight1.png */; };
		71000E251B6FE38800AF4F23 /* splashLowerRight2.png in Resources */ = {isa = PBXBuildFile; fileRef = 71000E121B6FE38800AF4F23 /* splashLowerRight2.png */; };
		71000E261B6FE38800AF4F23 /* splashLowerRight2.png in Resources */ = {isa = PBXBuildFile; fileRef = 71000E121B6FE38800AF4F23 /* splashLowerRight2.png */; };
		71000E271B6FE38800AF4F23 /* splashLowerRight3.png in Resources */ = {isa = PBXBuildFile; fileRef = 71000E131B6FE38800AF4F23 /* splashLowerRight3.png */; };
		71000E281B6FE38800AF4F23 /* splashLowerRight3.png in Resources */ = {isa = PBXBuildFile; fileRef = 71000E131B6FE38800AF4F23 /* splashLowerRight3.png */; };
		71000E291B6FE38800AF4F23 /* splashRight1.png in Resources */ = {isa = PBXBuildFile; fileRef = 71000E141B6FE38800AF4F23 /* splashRight1.png */; };
		71000E2A1B6FE38800AF4F23 /* splashRight1.png in Resources */ = {isa = PBXBuildFile; fileRef = 71000E141B6FE38800AF4F23 /* splashRight1.png */; };
		71000E2B1B6FE38800AF4F23 /* splashRight2.png in Resources */ = {isa = PBXBuildFile; fileRef = 71000E151B6FE38800AF4F23 /* splashRight2.png */; };
		71000E2C1B6FE38800AF4F23 /* splashRight2.png in Resources */ = {isa = PBXBuildFile; fileRef = 71000E151B6FE38800AF4F23 /* splashRight2.png */; };
		71000E2F1B6FE38800AF4F23 /* splashUp1.png in Resources */ = {isa = PBXBuildFile; fileRef = 71000E171B6FE38800AF4F23 /* splashUp1.png */; };
		71000E301B6FE38800AF4F23 /* splashUp1.png in Resources */ = {isa = PBXBuildFile; fileRef = 71000E171B6FE38800AF4F23 /* splashUp1.png */; };
		71000E311B6FE38800AF4F23 /* splashUp2.png in Resources */ = {isa = PBXBuildFile; fileRef = 71000E181B6FE38800AF4F23 /* splashUp2.png */; };
		71000E321B6FE38800AF4F23 /* splashUp2.png in Resources */ = {isa = PBXBuildFile; fileRef = 71000E181B6FE38800AF4F23 /* splashUp2.png */; };
		71000E331B6FE38800AF4F23 /* splashUp3.png in Resources */ = {isa = PBXBuildFile; fileRef = 71000E191B6FE38800AF4F23 /* splashUp3.png */; };
		71000E341B6FE38800AF4F23 /* splashUp3.png in Resources */ = {isa = PBXBuildFile; fileRef = 71000E191B6FE38800AF4F23 /* splashUp3.png */; };
		71000E351B6FE38800AF4F23 /* splashUpperRight1.png in Resources */ = {isa = PBXBuildFile; fileRef = 71000E1A1B6FE38800AF4F23 /* splashUpperRight1.png */; };
		71000E361B6FE38800AF4F23 /* splashUpperRight1.png in Resources */ = {isa = PBXBuildFile; fileRef = 71000E1A1B6FE38800AF4F23 /* splashUpperRight1.png */; };
		71000E371B6FE38800AF4F23 /* splashUpperRight2.png in Resources */ = {isa = PBXBuildFile; fileRef = 71000E1B1B6FE38800AF4F23 /* splashUpperRight2.png */; };
		71000E381B6FE38800AF4F23 /* splashUpperRight2.png in Resources */ = {isa = PBXBuildFile; fileRef = 71000E1B1B6FE38800AF4F23 /* splashUpperRight2.png */; };
		71000E391B6FE38800AF4F23 /* splashUpperRight3.png in Resources */ = {isa = PBXBuildFile; fileRef = 71000E1C1B6FE38800AF4F23 /* splashUpperRight3.png */; };
		71000E3A1B6FE38800AF4F23 /* splashUpperRight3.png in Resources */ = {isa = PBXBuildFile; fileRef = 71000E1C1B6FE38800AF4F23 /* splashUpperRight3.png */; };
		71000E3C1B6FE46100AF4F23 /* splashRight3.png in Resources */ = {isa = PBXBuildFile; fileRef = 71000E3B1B6FE46100AF4F23 /* splashRight3.png */; };
		71000E3D1B6FE46100AF4F23 /* splashRight3.png in Resources */ = {isa = PBXBuildFile; fileRef = 71000E3B1B6FE46100AF4F23 /* splashRight3.png */; };
		71000E441B6FEBBB00AF4F23 /* splashLeft1.png in Resources */ = {isa = PBXBuildFile; fileRef = 71000E3E1B6FEBBB00AF4F23 /* splashLeft1.png */; };
		71000E451B6FEBBB00AF4F23 /* splashLeft1.png in Resources */ = {isa = PBXBuildFile; fileRef = 71000E3E1B6FEBBB00AF4F23 /* splashLeft1.png */; };
		71000E461B6FEBBB00AF4F23 /* splashLeft2.png in Resources */ = {isa = PBXBuildFile; fileRef = 71000E3F1B6FEBBB00AF4F23 /* splashLeft2.png */; };
		71000E471B6FEBBB00AF4F23 /* splashLeft2.png in Resources */ = {isa = PBXBuildFile; fileRef = 71000E3F1B6FEBBB00AF4F23 /* splashLeft2.png */; };
		71000E481B6FEBBB00AF4F23 /* splashLeft3.png in Resources */ = {isa = PBXBuildFile; fileRef = 71000E401B6FEBBB00AF4F23 /* splashLeft3.png */; };
		71000E491B6FEBBB00AF4F23 /* splashLeft3.png in Resources */ = {isa = PBXBuildFile; fileRef = 71000E401B6FEBBB00AF4F23 /* splashLeft3.png */; };
		71000E4A1B6FEBBB00AF4F23 /* splashLowerLeft1.png in Resources */ = {isa = PBXBuildFile; fileRef = 71000E411B6FEBBB00AF4F23 /* splashLowerLeft1.png */; };
		71000E4B1B6FEBBB00AF4F23 /* splashLowerLeft1.png in Resources */ = {isa = PBXBuildFile; fileRef = 71000E411B6FEBBB00AF4F23 /* splashLowerLeft1.png */; };
		71000E4C1B6FEBBB00AF4F23 /* splashLowerLeft2.png in Resources */ = {isa = PBXBuildFile; fileRef = 71000E421B6FEBBB00AF4F23 /* splashLowerLeft2.png */; };
		71000E4D1B6FEBBB00AF4F23 /* splashLowerLeft2.png in Resources */ = {isa = PBXBuildFile; fileRef = 71000E421B6FEBBB00AF4F23 /* splashLowerLeft2.png */; };
		71000E4E1B6FEBBB00AF4F23 /* splashLowerLeft3.png in Resources */ = {isa = PBXBuildFile; fileRef = 71000E431B6FEBBB00AF4F23 /* splashLowerLeft3.png */; };
		71000E4F1B6FEBBB00AF4F23 /* splashLowerLeft3.png in Resources */ = {isa = PBXBuildFile; fileRef = 71000E431B6FEBBB00AF4F23 /* splashLowerLeft3.png */; };
		71000E531B6FEBC600AF4F23 /* splashUpperLeft1.png in Resources */ = {isa = PBXBuildFile; fileRef = 71000E501B6FEBC600AF4F23 /* splashUpperLeft1.png */; };
		71000E541B6FEBC600AF4F23 /* splashUpperLeft1.png in Resources */ = {isa = PBXBuildFile; fileRef = 71000E501B6FEBC600AF4F23 /* splashUpperLeft1.png */; };
		71000E551B6FEBC600AF4F23 /* splashUpperLeft2.png in Resources */ = {isa = PBXBuildFile; fileRef = 71000E511B6FEBC600AF4F23 /* splashUpperLeft2.png */; };
		71000E561B6FEBC600AF4F23 /* splashUpperLeft2.png in Resources */ = {isa = PBXBuildFile; fileRef = 71000E511B6FEBC600AF4F23 /* splashUpperLeft2.png */; };
		71000E571B6FEBC600AF4F23 /* splashUpperLeft3.png in Resources */ = {isa = PBXBuildFile; fileRef = 71000E521B6FEBC600AF4F23 /* splashUpperLeft3.png */; };
		71000E581B6FEBC600AF4F23 /* splashUpperLeft3.png in Resources */ = {isa = PBXBuildFile; fileRef = 71000E521B6FEBC600AF4F23 /* splashUpperLeft3.png */; };
		71000E5C1B70116300AF4F23 /* superStar.png in Resources */ = {isa = PBXBuildFile; fileRef = 71000E5B1B70116300AF4F23 /* superStar.png */; };
		71000E5D1B70116300AF4F23 /* superStar.png in Resources */ = {isa = PBXBuildFile; fileRef = 71000E5B1B70116300AF4F23 /* superStar.png */; };
		71000E631B71898100AF4F23 /* particle_texture.png in Resources */ = {isa = PBXBuildFile; fileRef = 71000E601B71898100AF4F23 /* particle_texture.png */; };
		71000E641B71898100AF4F23 /* particle_texture.png in Resources */ = {isa = PBXBuildFile; fileRef = 71000E601B71898100AF4F23 /* particle_texture.png */; };
		71000E661B71D0F700AF4F23 /* particle_texture.plist in Resources */ = {isa = PBXBuildFile; fileRef = 71000E651B71D0F700AF4F23 /* particle_texture.plist */; };
		71000E671B71D0F700AF4F23 /* particle_texture.plist in Resources */ = {isa = PBXBuildFile; fileRef = 71000E651B71D0F700AF4F23 /* particle_texture.plist */; };
		71000E691B7265C000AF4F23 /* title.png in Resources */ = {isa = PBXBuildFile; fileRef = 71000E681B7265C000AF4F23 /* title.png */; };
		71000E6A1B7265C000AF4F23 /* title.png in Resources */ = {isa = PBXBuildFile; fileRef = 71000E681B7265C000AF4F23 /* title.png */; };
		71000E6D1B72802200AF4F23 /* GameOverDialog.cpp in Sources */ = {isa = PBXBuildFile; fileRef = 71000E6B1B72802200AF4F23 /* GameOverDialog.cpp */; };
		71000E6E1B72802200AF4F23 /* GameOverDialog.cpp in Sources */ = {isa = PBXBuildFile; fileRef = 71000E6B1B72802200AF4F23 /* GameOverDialog.cpp */; };
		71000E741B72858E00AF4F23 /* buttonOk.png in Resources */ = {isa = PBXBuildFile; fileRef = 71000E6F1B72858E00AF4F23 /* buttonOk.png */; };
		71000E751B72858E00AF4F23 /* buttonOk.png in Resources */ = {isa = PBXBuildFile; fileRef = 71000E6F1B72858E00AF4F23 /* buttonOk.png */; };
		71000E761B72858E00AF4F23 /* buttonOkPressed.png in Resources */ = {isa = PBXBuildFile; fileRef = 71000E701B72858E00AF4F23 /* buttonOkPressed.png */; };
		71000E771B72858E00AF4F23 /* buttonOkPressed.png in Resources */ = {isa = PBXBuildFile; fileRef = 71000E701B72858E00AF4F23 /* buttonOkPressed.png */; };
		71000E781B72858E00AF4F23 /* draw.png in Resources */ = {isa = PBXBuildFile; fileRef = 71000E711B72858E00AF4F23 /* draw.png */; };
		71000E791B72858E00AF4F23 /* draw.png in Resources */ = {isa = PBXBuildFile; fileRef = 71000E711B72858E00AF4F23 /* draw.png */; };
		71000E7A1B72858E00AF4F23 /* youLose.png in Resources */ = {isa = PBXBuildFile; fileRef = 71000E721B72858E00AF4F23 /* youLose.png */; };
		71000E7B1B72858E00AF4F23 /* youLose.png in Resources */ = {isa = PBXBuildFile; fileRef = 71000E721B72858E00AF4F23 /* youLose.png */; };
		71000E7C1B72858E00AF4F23 /* youWin.png in Resources */ = {isa = PBXBuildFile; fileRef = 71000E731B72858E00AF4F23 /* youWin.png */; };
		71000E7D1B72858E00AF4F23 /* youWin.png in Resources */ = {isa = PBXBuildFile; fileRef = 71000E731B72858E00AF4F23 /* youWin.png */; };
		71000E7F1B72AEF700AF4F23 /* Images.xcassets in Resources */ = {isa = PBXBuildFile; fileRef = 71000E7E1B72AEF700AF4F23 /* Images.xcassets */; };
		71000E811B72BF2600AF4F23 /* InfoPlist.strings in Resources */ = {isa = PBXBuildFile; fileRef = 71000E801B72BF2600AF4F23 /* InfoPlist.strings */; };
		71000E821B72BF2600AF4F23 /* InfoPlist.strings in Resources */ = {isa = PBXBuildFile; fileRef = 71000E801B72BF2600AF4F23 /* InfoPlist.strings */; };
		71000E841B7419AA00AF4F23 /* stage4.tmx in Resources */ = {isa = PBXBuildFile; fileRef = 71000E831B7419AA00AF4F23 /* stage4.tmx */; };
		71000E851B7419AA00AF4F23 /* stage4.tmx in Resources */ = {isa = PBXBuildFile; fileRef = 71000E831B7419AA00AF4F23 /* stage4.tmx */; };
		71069CFB1B6297C100438AD9 /* playerUpperLeft.png in Resources */ = {isa = PBXBuildFile; fileRef = 71069CF91B6297C100438AD9 /* playerUpperLeft.png */; };
		71069CFC1B6297C100438AD9 /* playerUpperLeft.png in Resources */ = {isa = PBXBuildFile; fileRef = 71069CF91B6297C100438AD9 /* playerUpperLeft.png */; };
		71069CFD1B6297C100438AD9 /* playerUpperRight.png in Resources */ = {isa = PBXBuildFile; fileRef = 71069CFA1B6297C100438AD9 /* playerUpperRight.png */; };
		71069CFE1B6297C100438AD9 /* playerUpperRight.png in Resources */ = {isa = PBXBuildFile; fileRef = 71069CFA1B6297C100438AD9 /* playerUpperRight.png */; };
		71069D011B6297C900438AD9 /* playerLowerLeft.png in Resources */ = {isa = PBXBuildFile; fileRef = 71069CFF1B6297C900438AD9 /* playerLowerLeft.png */; };
		71069D021B6297C900438AD9 /* playerLowerLeft.png in Resources */ = {isa = PBXBuildFile; fileRef = 71069CFF1B6297C900438AD9 /* playerLowerLeft.png */; };
		71069D031B6297C900438AD9 /* playerLowerRight.png in Resources */ = {isa = PBXBuildFile; fileRef = 71069D001B6297C900438AD9 /* playerLowerRight.png */; };
		71069D041B6297C900438AD9 /* playerLowerRight.png in Resources */ = {isa = PBXBuildFile; fileRef = 71069D001B6297C900438AD9 /* playerLowerRight.png */; };
		710AD8911B6165280062580E /* Egg.cpp in Sources */ = {isa = PBXBuildFile; fileRef = 710AD88F1B6165280062580E /* Egg.cpp */; };
		710AD8921B6165280062580E /* Egg.cpp in Sources */ = {isa = PBXBuildFile; fileRef = 710AD88F1B6165280062580E /* Egg.cpp */; };
		710AD8941B616A7E0062580E /* egg.png in Resources */ = {isa = PBXBuildFile; fileRef = 710AD8931B616A7E0062580E /* egg.png */; };
		710AD8951B616A7E0062580E /* egg.png in Resources */ = {isa = PBXBuildFile; fileRef = 710AD8931B616A7E0062580E /* egg.png */; };
		71128FF71B56D1C400B9216A /* stage1.tmx in Resources */ = {isa = PBXBuildFile; fileRef = 71128FF61B56D1C400B9216A /* stage1.tmx */; };
		71128FF81B56D1C400B9216A /* stage1.tmx in Resources */ = {isa = PBXBuildFile; fileRef = 71128FF61B56D1C400B9216A /* stage1.tmx */; };
		71128FFD1B57134400B9216A /* stage2.tmx in Resources */ = {isa = PBXBuildFile; fileRef = 71128FFA1B57134400B9216A /* stage2.tmx */; };
		71128FFE1B57134400B9216A /* stage2.tmx in Resources */ = {isa = PBXBuildFile; fileRef = 71128FFA1B57134400B9216A /* stage2.tmx */; };
		711290071B582F7800B9216A /* playerLeft.png in Resources */ = {isa = PBXBuildFile; fileRef = 711290051B582F7800B9216A /* playerLeft.png */; };
		711290081B582F7800B9216A /* playerLeft.png in Resources */ = {isa = PBXBuildFile; fileRef = 711290051B582F7800B9216A /* playerLeft.png */; };
		711290091B582F7800B9216A /* playerRight.png in Resources */ = {isa = PBXBuildFile; fileRef = 711290061B582F7800B9216A /* playerRight.png */; };
		7112900A1B582F7800B9216A /* playerRight.png in Resources */ = {isa = PBXBuildFile; fileRef = 711290061B582F7800B9216A /* playerRight.png */; };
		71166DF71B6AC42200704D28 /* wall.png in Resources */ = {isa = PBXBuildFile; fileRef = 71166DF61B6AC42200704D28 /* wall.png */; };
		71166DF81B6AC42200704D28 /* wall.png in Resources */ = {isa = PBXBuildFile; fileRef = 71166DF61B6AC42200704D28 /* wall.png */; };
		7125E7891B5423680005D5B1 /* TitleScene.cpp in Sources */ = {isa = PBXBuildFile; fileRef = 7125E7871B5423680005D5B1 /* TitleScene.cpp */; };
		7125E78A1B5423680005D5B1 /* TitleScene.cpp in Sources */ = {isa = PBXBuildFile; fileRef = 7125E7871B5423680005D5B1 /* TitleScene.cpp */; };
		7125E78F1B5429FA0005D5B1 /* Lobby.cpp in Sources */ = {isa = PBXBuildFile; fileRef = 7125E78D1B5429FA0005D5B1 /* Lobby.cpp */; };
		7125E7901B5429FA0005D5B1 /* Lobby.cpp in Sources */ = {isa = PBXBuildFile; fileRef = 7125E78D1B5429FA0005D5B1 /* Lobby.cpp */; };
		7125E7931B542CA80005D5B1 /* GameScene.cpp in Sources */ = {isa = PBXBuildFile; fileRef = 7125E7911B542CA80005D5B1 /* GameScene.cpp */; };
		7125E7941B542CA80005D5B1 /* GameScene.cpp in Sources */ = {isa = PBXBuildFile; fileRef = 7125E7911B542CA80005D5B1 /* GameScene.cpp */; };
		7125E7981B54307F0005D5B1 /* SceneManager.cpp in Sources */ = {isa = PBXBuildFile; fileRef = 7125E7961B54307F0005D5B1 /* SceneManager.cpp */; };
		7125E7991B54307F0005D5B1 /* SceneManager.cpp in Sources */ = {isa = PBXBuildFile; fileRef = 7125E7961B54307F0005D5B1 /* SceneManager.cpp */; };
		7125E79C1B54342B0005D5B1 /* Player.cpp in Sources */ = {isa = PBXBuildFile; fileRef = 7125E79A1B54342B0005D5B1 /* Player.cpp */; };
		7125E79D1B54342B0005D5B1 /* Player.cpp in Sources */ = {isa = PBXBuildFile; fileRef = 7125E79A1B54342B0005D5B1 /* Player.cpp */; };
		7125E7AE1B5456A10005D5B1 /* Bullet.cpp in Sources */ = {isa = PBXBuildFile; fileRef = 7125E7AC1B5456A10005D5B1 /* Bullet.cpp */; };
		7125E7AF1B5456A10005D5B1 /* Bullet.cpp in Sources */ = {isa = PBXBuildFile; fileRef = 7125E7AC1B5456A10005D5B1 /* Bullet.cpp */; };
		7125E7B21B545A800005D5B1 /* Stage.cpp in Sources */ = {isa = PBXBuildFile; fileRef = 7125E7B01B545A800005D5B1 /* Stage.cpp */; };
		7125E7B31B545A800005D5B1 /* Stage.cpp in Sources */ = {isa = PBXBuildFile; fileRef = 7125E7B01B545A800005D5B1 /* Stage.cpp */; };
		7125E7C61B5481600005D5B1 /* NetworkingWrapper.mm in Sources */ = {isa = PBXBuildFile; fileRef = 7125E7C21B5481600005D5B1 /* NetworkingWrapper.mm */; };
		7125E7C71B5481600005D5B1 /* NetworkManager.mm in Sources */ = {isa = PBXBuildFile; fileRef = 7125E7C41B5481600005D5B1 /* NetworkManager.mm */; };
		7125E7CB1B5485980005D5B1 /* JSONPacker.cpp in Sources */ = {isa = PBXBuildFile; fileRef = 7125E7C91B5485980005D5B1 /* JSONPacker.cpp */; };
		7125E7CC1B5485980005D5B1 /* JSONPacker.cpp in Sources */ = {isa = PBXBuildFile; fileRef = 7125E7C91B5485980005D5B1 /* JSONPacker.cpp */; };
		7125E7CE1B54C11E0005D5B1 /* MultipeerConnectivity.framework in Frameworks */ = {isa = PBXBuildFile; fileRef = 7125E7CD1B54C11D0005D5B1 /* MultipeerConnectivity.framework */; };
		715725431B6EEC880050EBCC /* buttonHowToPlay.png in Resources */ = {isa = PBXBuildFile; fileRef = 7157253D1B6EEC880050EBCC /* buttonHowToPlay.png */; };
		715725441B6EEC880050EBCC /* buttonHowToPlay.png in Resources */ = {isa = PBXBuildFile; fileRef = 7157253D1B6EEC880050EBCC /* buttonHowToPlay.png */; };
		715725451B6EEC880050EBCC /* buttonPressedHowToPlay.png in Resources */ = {isa = PBXBuildFile; fileRef = 7157253E1B6EEC880050EBCC /* buttonPressedHowToPlay.png */; };
		715725461B6EEC880050EBCC /* buttonPressedHowToPlay.png in Resources */ = {isa = PBXBuildFile; fileRef = 7157253E1B6EEC880050EBCC /* buttonPressedHowToPlay.png */; };
		715725471B6EEC880050EBCC /* buttonPressedTraining.png in Resources */ = {isa = PBXBuildFile; fileRef = 7157253F1B6EEC880050EBCC /* buttonPressedTraining.png */; };
		715725481B6EEC880050EBCC /* buttonPressedTraining.png in Resources */ = {isa = PBXBuildFile; fileRef = 7157253F1B6EEC880050EBCC /* buttonPressedTraining.png */; };
		715725491B6EEC880050EBCC /* buttonPressedVsMode.png in Resources */ = {isa = PBXBuildFile; fileRef = 715725401B6EEC880050EBCC /* buttonPressedVsMode.png */; };
		7157254A1B6EEC880050EBCC /* buttonPressedVsMode.png in Resources */ = {isa = PBXBuildFile; fileRef = 715725401B6EEC880050EBCC /* buttonPressedVsMode.png */; };
		7157254B1B6EEC880050EBCC /* buttonTraining.png in Resources */ = {isa = PBXBuildFile; fileRef = 715725411B6EEC880050EBCC /* buttonTraining.png */; };
		7157254C1B6EEC880050EBCC /* buttonTraining.png in Resources */ = {isa = PBXBuildFile; fileRef = 715725411B6EEC880050EBCC /* buttonTraining.png */; };
		7157254D1B6EEC880050EBCC /* buttonVsMode.png in Resources */ = {isa = PBXBuildFile; fileRef = 715725421B6EEC880050EBCC /* buttonVsMode.png */; };
		7157254E1B6EEC880050EBCC /* buttonVsMode.png in Resources */ = {isa = PBXBuildFile; fileRef = 715725421B6EEC880050EBCC /* buttonVsMode.png */; };
		715725501B6F41790050EBCC /* backgroundTitle.png in Resources */ = {isa = PBXBuildFile; fileRef = 7157254F1B6F41790050EBCC /* backgroundTitle.png */; };
		715725511B6F41790050EBCC /* backgroundTitle.png in Resources */ = {isa = PBXBuildFile; fileRef = 7157254F1B6F41790050EBCC /* backgroundTitle.png */; };
		715725531B6F47940050EBCC /* logo.png in Resources */ = {isa = PBXBuildFile; fileRef = 715725521B6F47940050EBCC /* logo.png */; };
		715725541B6F47940050EBCC /* logo.png in Resources */ = {isa = PBXBuildFile; fileRef = 715725521B6F47940050EBCC /* logo.png */; };
		716E16471B6BFBD600592129 /* healing.png in Resources */ = {isa = PBXBuildFile; fileRef = 716E16461B6BFBD600592129 /* healing.png */; };
		716E16481B6BFBD600592129 /* healing.png in Resources */ = {isa = PBXBuildFile; fileRef = 716E16461B6BFBD600592129 /* healing.png */; };
		71992B8B1B6832EF0065EA2A /* stage3.tmx in Resources */ = {isa = PBXBuildFile; fileRef = 71992B8A1B6832EF0065EA2A /* stage3.tmx */; };
		71992B8C1B6832EF0065EA2A /* stage3.tmx in Resources */ = {isa = PBXBuildFile; fileRef = 71992B8A1B6832EF0065EA2A /* stage3.tmx */; };
		71A052391B5EC11A0051813D /* LifeBar.cpp in Sources */ = {isa = PBXBuildFile; fileRef = 71A052371B5EC11A0051813D /* LifeBar.cpp */; };
		71A0523A1B5EC11A0051813D /* LifeBar.cpp in Sources */ = {isa = PBXBuildFile; fileRef = 71A052371B5EC11A0051813D /* LifeBar.cpp */; };
		71A052431B5EE0370051813D /* life_bg.png in Resources */ = {isa = PBXBuildFile; fileRef = 71A052411B5EE0370051813D /* life_bg.png */; };
		71A052441B5EE0370051813D /* life_bg.png in Resources */ = {isa = PBXBuildFile; fileRef = 71A052411B5EE0370051813D /* life_bg.png */; };
		71A052451B5EE0370051813D /* life.png in Resources */ = {isa = PBXBuildFile; fileRef = 71A052421B5EE0370051813D /* life.png */; };
		71A052461B5EE0370051813D /* life.png in Resources */ = {isa = PBXBuildFile; fileRef = 71A052421B5EE0370051813D /* life.png */; };
		71BE7A601B674F240055D6A8 /* isometric_grass_and_water.png in Resources */ = {isa = PBXBuildFile; fileRef = 71BE7A5F1B674F240055D6A8 /* isometric_grass_and_water.png */; };
		71BE7A611B674F240055D6A8 /* isometric_grass_and_water.png in Resources */ = {isa = PBXBuildFile; fileRef = 71BE7A5F1B674F240055D6A8 /* isometric_grass_and_water.png */; };
		71BE7A661B674FE00055D6A8 /* egg2.png in Resources */ = {isa = PBXBuildFile; fileRef = 71BE7A621B674FE00055D6A8 /* egg2.png */; };
		71BE7A671B674FE00055D6A8 /* egg2.png in Resources */ = {isa = PBXBuildFile; fileRef = 71BE7A621B674FE00055D6A8 /* egg2.png */; };
		71BE7A681B674FE00055D6A8 /* egg3.png in Resources */ = {isa = PBXBuildFile; fileRef = 71BE7A631B674FE00055D6A8 /* egg3.png */; };
		71BE7A691B674FE00055D6A8 /* egg3.png in Resources */ = {isa = PBXBuildFile; fileRef = 71BE7A631B674FE00055D6A8 /* egg3.png */; };
		71DCDF181B583337006CDC3E /* playerDown.png in Resources */ = {isa = PBXBuildFile; fileRef = 71DCDF161B583337006CDC3E /* playerDown.png */; };
		71DCDF191B583337006CDC3E /* playerDown.png in Resources */ = {isa = PBXBuildFile; fileRef = 71DCDF161B583337006CDC3E /* playerDown.png */; };
		71DCDF1A1B583337006CDC3E /* playerUp.png in Resources */ = {isa = PBXBuildFile; fileRef = 71DCDF171B583337006CDC3E /* playerUp.png */; };
		71DCDF1B1B583337006CDC3E /* playerUp.png in Resources */ = {isa = PBXBuildFile; fileRef = 71DCDF171B583337006CDC3E /* playerUp.png */; };
		71DCDF1D1B58379F006CDC3E /* bullet.png in Resources */ = {isa = PBXBuildFile; fileRef = 71DCDF1C1B58379F006CDC3E /* bullet.png */; };
		71DCDF1E1B58379F006CDC3E /* bullet.png in Resources */ = {isa = PBXBuildFile; fileRef = 71DCDF1C1B58379F006CDC3E /* bullet.png */; };
		8262943E1AAF051F00CB7CF7 /* Security.framework in Frameworks */ = {isa = PBXBuildFile; fileRef = 8262943D1AAF051F00CB7CF7 /* Security.framework */; };
		BF171245129291EC00B8313A /* OpenGLES.framework in Frameworks */ = {isa = PBXBuildFile; fileRef = BF170DB012928DE900B8313A /* OpenGLES.framework */; };
		BF1712471292920000B8313A /* libz.dylib in Frameworks */ = {isa = PBXBuildFile; fileRef = BF170DB412928DE900B8313A /* libz.dylib */; };
		BF1C47F01293687400B63C5D /* QuartzCore.framework in Frameworks */ = {isa = PBXBuildFile; fileRef = BF1C47EA1293683800B63C5D /* QuartzCore.framework */; };
		D44C620C132DFF330009C878 /* OpenAL.framework in Frameworks */ = {isa = PBXBuildFile; fileRef = D44C620B132DFF330009C878 /* OpenAL.framework */; };
		D44C620E132DFF430009C878 /* AVFoundation.framework in Frameworks */ = {isa = PBXBuildFile; fileRef = D44C620D132DFF430009C878 /* AVFoundation.framework */; };
		D44C6210132DFF4E0009C878 /* AudioToolbox.framework in Frameworks */ = {isa = PBXBuildFile; fileRef = D44C620F132DFF4E0009C878 /* AudioToolbox.framework */; };
		D6B0611B1803AB670077942B /* CoreMotion.framework in Frameworks */ = {isa = PBXBuildFile; fileRef = D6B0611A1803AB670077942B /* CoreMotion.framework */; };
/* End PBXBuildFile section */

/* Begin PBXContainerItemProxy section */
		1AC6FAF8180E9839004C840B /* PBXContainerItemProxy */ = {
			isa = PBXContainerItemProxy;
			containerPortal = 1AC6FAE5180E9839004C840B /* cocos2d_libs.xcodeproj */;
			proxyType = 2;
			remoteGlobalIDString = 1551A33F158F2AB200E66CFE;
			remoteInfo = "cocos2dx Mac";
		};
		1AC6FB06180E9839004C840B /* PBXContainerItemProxy */ = {
			isa = PBXContainerItemProxy;
			containerPortal = 1AC6FAE5180E9839004C840B /* cocos2d_libs.xcodeproj */;
			proxyType = 2;
			remoteGlobalIDString = A07A4D641783777C0073F6A7;
			remoteInfo = "cocos2dx iOS";
		};
		1AC6FB15180E9959004C840B /* PBXContainerItemProxy */ = {
			isa = PBXContainerItemProxy;
			containerPortal = 1AC6FAE5180E9839004C840B /* cocos2d_libs.xcodeproj */;
			proxyType = 1;
			remoteGlobalIDString = 1551A33E158F2AB200E66CFE;
			remoteInfo = "cocos2dx Mac";
		};
		1AC6FB24180E99E1004C840B /* PBXContainerItemProxy */ = {
			isa = PBXContainerItemProxy;
			containerPortal = 1AC6FAE5180E9839004C840B /* cocos2d_libs.xcodeproj */;
			proxyType = 1;
			remoteGlobalIDString = A07A4C241783777C0073F6A7;
			remoteInfo = "cocos2dx iOS";
		};
/* End PBXContainerItemProxy section */

/* Begin PBXFileReference section */
		1AC6FAE5180E9839004C840B /* cocos2d_libs.xcodeproj */ = {isa = PBXFileReference; lastKnownFileType = "wrapper.pb-project"; name = cocos2d_libs.xcodeproj; path = ../cocos2d/build/cocos2d_libs.xcodeproj; sourceTree = "<group>"; };
		1ACB3243164770DE00914215 /* libcurl.a */ = {isa = PBXFileReference; lastKnownFileType = archive.ar; name = libcurl.a; path = ../../cocos2dx/platform/third_party/ios/libraries/libcurl.a; sourceTree = "<group>"; };
		1D30AB110D05D00D00671497 /* Foundation.framework */ = {isa = PBXFileReference; lastKnownFileType = wrapper.framework; name = Foundation.framework; path = System/Library/Frameworks/Foundation.framework; sourceTree = SDKROOT; };
		1D6058910D05DD3D006BFB54 /* Yuzu iOS.app */ = {isa = PBXFileReference; explicitFileType = wrapper.application; includeInIndex = 0; path = "Yuzu iOS.app"; sourceTree = BUILT_PRODUCTS_DIR; };
		1DF5F4DF0D08C38300B7A737 /* UIKit.framework */ = {isa = PBXFileReference; lastKnownFileType = wrapper.framework; name = UIKit.framework; path = System/Library/Frameworks/UIKit.framework; sourceTree = SDKROOT; };
		288765A40DF7441C002DB57D /* CoreGraphics.framework */ = {isa = PBXFileReference; lastKnownFileType = wrapper.framework; name = CoreGraphics.framework; path = System/Library/Frameworks/CoreGraphics.framework; sourceTree = SDKROOT; };
		3EACC98E19EE6D4300EB3C5E /* res */ = {isa = PBXFileReference; lastKnownFileType = folder; path = res; sourceTree = "<group>"; };
		46880B7619C43A67006E1F66 /* CloseNormal.png */ = {isa = PBXFileReference; lastKnownFileType = image.png; path = CloseNormal.png; sourceTree = "<group>"; };
		46880B7719C43A67006E1F66 /* CloseSelected.png */ = {isa = PBXFileReference; lastKnownFileType = image.png; path = CloseSelected.png; sourceTree = "<group>"; };
		46880B7A19C43A67006E1F66 /* HelloWorld.png */ = {isa = PBXFileReference; lastKnownFileType = image.png; path = HelloWorld.png; sourceTree = "<group>"; };
		46880B8419C43A87006E1F66 /* AppDelegate.cpp */ = {isa = PBXFileReference; fileEncoding = 4; lastKnownFileType = sourcecode.cpp.cpp; path = AppDelegate.cpp; sourceTree = "<group>"; };
		46880B8519C43A87006E1F66 /* AppDelegate.h */ = {isa = PBXFileReference; fileEncoding = 4; lastKnownFileType = sourcecode.c.h; path = AppDelegate.h; sourceTree = "<group>"; };
		503AE0F617EB97AB00D1A890 /* Icon.icns */ = {isa = PBXFileReference; lastKnownFileType = image.icns; path = Icon.icns; sourceTree = "<group>"; };
		503AE0F717EB97AB00D1A890 /* Info.plist */ = {isa = PBXFileReference; fileEncoding = 4; lastKnownFileType = text.plist.xml; path = Info.plist; sourceTree = "<group>"; };
		503AE0FA17EB989F00D1A890 /* AppController.h */ = {isa = PBXFileReference; fileEncoding = 4; lastKnownFileType = sourcecode.c.h; name = AppController.h; path = ios/AppController.h; sourceTree = SOURCE_ROOT; };
		503AE0FB17EB989F00D1A890 /* AppController.mm */ = {isa = PBXFileReference; fileEncoding = 4; lastKnownFileType = sourcecode.cpp.objcpp; name = AppController.mm; path = ios/AppController.mm; sourceTree = SOURCE_ROOT; };
		503AE0FC17EB989F00D1A890 /* main.m */ = {isa = PBXFileReference; fileEncoding = 4; lastKnownFileType = sourcecode.c.objc; name = main.m; path = ios/main.m; sourceTree = SOURCE_ROOT; };
		503AE0FD17EB989F00D1A890 /* Prefix.pch */ = {isa = PBXFileReference; fileEncoding = 4; lastKnownFileType = sourcecode.c.h; name = Prefix.pch; path = ios/Prefix.pch; sourceTree = SOURCE_ROOT; };
		503AE0FE17EB989F00D1A890 /* RootViewController.h */ = {isa = PBXFileReference; fileEncoding = 4; lastKnownFileType = sourcecode.c.h; name = RootViewController.h; path = ios/RootViewController.h; sourceTree = SOURCE_ROOT; };
		503AE0FF17EB989F00D1A890 /* RootViewController.mm */ = {isa = PBXFileReference; fileEncoding = 4; lastKnownFileType = sourcecode.cpp.objcpp; name = RootViewController.mm; path = ios/RootViewController.mm; sourceTree = SOURCE_ROOT; };
		503AE10317EB98FF00D1A890 /* main.cpp */ = {isa = PBXFileReference; fileEncoding = 4; lastKnownFileType = sourcecode.cpp.cpp; name = main.cpp; path = mac/main.cpp; sourceTree = "<group>"; };
		503AE10417EB98FF00D1A890 /* Prefix.pch */ = {isa = PBXFileReference; fileEncoding = 4; lastKnownFileType = sourcecode.c.h; name = Prefix.pch; path = mac/Prefix.pch; sourceTree = "<group>"; };
		503AE11117EB99EE00D1A890 /* libcurl.dylib */ = {isa = PBXFileReference; lastKnownFileType = "compiled.mach-o.dylib"; name = libcurl.dylib; path = usr/lib/libcurl.dylib; sourceTree = SDKROOT; };
		503AE11A17EB9C5A00D1A890 /* IOKit.framework */ = {isa = PBXFileReference; lastKnownFileType = wrapper.framework; name = IOKit.framework; path = System/Library/Frameworks/IOKit.framework; sourceTree = SDKROOT; };
		5087E76F17EB910900C73F5D /* Yuzu Mac.app */ = {isa = PBXFileReference; explicitFileType = wrapper.application; includeInIndex = 0; path = "Yuzu Mac.app"; sourceTree = BUILT_PRODUCTS_DIR; };
		5087E77217EB970100C73F5D /* Default-568h@2x.png */ = {isa = PBXFileReference; lastKnownFileType = image.png; path = "Default-568h@2x.png"; sourceTree = "<group>"; };
		5087E77317EB970100C73F5D /* Default.png */ = {isa = PBXFileReference; lastKnownFileType = image.png; path = Default.png; sourceTree = "<group>"; };
		5087E77417EB970100C73F5D /* Default@2x.png */ = {isa = PBXFileReference; lastKnownFileType = image.png; path = "Default@2x.png"; sourceTree = "<group>"; };
		5087E77517EB970100C73F5D /* Icon-114.png */ = {isa = PBXFileReference; lastKnownFileType = image.png; path = "Icon-114.png"; sourceTree = "<group>"; };
		5087E77617EB970100C73F5D /* Icon-120.png */ = {isa = PBXFileReference; lastKnownFileType = image.png; path = "Icon-120.png"; sourceTree = "<group>"; };
		5087E77717EB970100C73F5D /* Icon-144.png */ = {isa = PBXFileReference; lastKnownFileType = image.png; path = "Icon-144.png"; sourceTree = "<group>"; };
		5087E77817EB970100C73F5D /* Icon-152.png */ = {isa = PBXFileReference; lastKnownFileType = image.png; path = "Icon-152.png"; sourceTree = "<group>"; };
		5087E77917EB970100C73F5D /* Icon-57.png */ = {isa = PBXFileReference; lastKnownFileType = image.png; path = "Icon-57.png"; sourceTree = "<group>"; };
		5087E77A17EB970100C73F5D /* Icon-72.png */ = {isa = PBXFileReference; lastKnownFileType = image.png; path = "Icon-72.png"; sourceTree = "<group>"; };
		5087E77B17EB970100C73F5D /* Icon-76.png */ = {isa = PBXFileReference; lastKnownFileType = image.png; path = "Icon-76.png"; sourceTree = "<group>"; };
		5087E77C17EB970100C73F5D /* Info.plist */ = {isa = PBXFileReference; fileEncoding = 4; lastKnownFileType = text.plist.xml; path = Info.plist; sourceTree = "<group>"; };
		5087E78817EB974C00C73F5D /* AppKit.framework */ = {isa = PBXFileReference; lastKnownFileType = wrapper.framework; name = AppKit.framework; path = System/Library/Frameworks/AppKit.framework; sourceTree = SDKROOT; };
		5087E78A17EB975400C73F5D /* OpenGL.framework */ = {isa = PBXFileReference; lastKnownFileType = wrapper.framework; name = OpenGL.framework; path = System/Library/Frameworks/OpenGL.framework; sourceTree = SDKROOT; };
		50EF629217ECD46A001EB2F8 /* Icon-40.png */ = {isa = PBXFileReference; lastKnownFileType = image.png; path = "Icon-40.png"; sourceTree = "<group>"; };
		50EF629317ECD46A001EB2F8 /* Icon-58.png */ = {isa = PBXFileReference; lastKnownFileType = image.png; path = "Icon-58.png"; sourceTree = "<group>"; };
		50EF629417ECD46A001EB2F8 /* Icon-80.png */ = {isa = PBXFileReference; lastKnownFileType = image.png; path = "Icon-80.png"; sourceTree = "<group>"; };
		50EF629517ECD46A001EB2F8 /* Icon-100.png */ = {isa = PBXFileReference; lastKnownFileType = image.png; path = "Icon-100.png"; sourceTree = "<group>"; };
		50EF62A017ECD613001EB2F8 /* Icon-29.png */ = {isa = PBXFileReference; lastKnownFileType = image.png; path = "Icon-29.png"; sourceTree = "<group>"; };
		50EF62A117ECD613001EB2F8 /* Icon-50.png */ = {isa = PBXFileReference; lastKnownFileType = image.png; path = "Icon-50.png"; sourceTree = "<group>"; };
		521A8E6219F0C34300D177D7 /* Default-667h@2x.png */ = {isa = PBXFileReference; lastKnownFileType = image.png; path = "Default-667h@2x.png"; sourceTree = "<group>"; };
		521A8E6319F0C34300D177D7 /* Default-736h@3x.png */ = {isa = PBXFileReference; lastKnownFileType = image.png; path = "Default-736h@3x.png"; sourceTree = "<group>"; };
		521A8EA819F11F5000D177D7 /* fonts */ = {isa = PBXFileReference; lastKnownFileType = folder; path = fonts; sourceTree = "<group>"; };
		52B47A461A53D09B004E4C60 /* Security.framework */ = {isa = PBXFileReference; lastKnownFileType = wrapper.framework; name = Security.framework; path = Platforms/iPhoneOS.platform/Developer/SDKs/iPhoneOS8.1.sdk/System/Library/Frameworks/Security.framework; sourceTree = DEVELOPER_DIR; };
		71000E0E1B6FE38800AF4F23 /* splashDown1.png */ = {isa = PBXFileReference; lastKnownFileType = image.png; path = splashDown1.png; sourceTree = "<group>"; };
		71000E0F1B6FE38800AF4F23 /* splashDown2.png */ = {isa = PBXFileReference; lastKnownFileType = image.png; path = splashDown2.png; sourceTree = "<group>"; };
		71000E101B6FE38800AF4F23 /* splashDown3.png */ = {isa = PBXFileReference; lastKnownFileType = image.png; path = splashDown3.png; sourceTree = "<group>"; };
		71000E111B6FE38800AF4F23 /* splashLowerRight1.png */ = {isa = PBXFileReference; lastKnownFileType = image.png; path = splashLowerRight1.png; sourceTree = "<group>"; };
		71000E121B6FE38800AF4F23 /* splashLowerRight2.png */ = {isa = PBXFileReference; lastKnownFileType = image.png; path = splashLowerRight2.png; sourceTree = "<group>"; };
		71000E131B6FE38800AF4F23 /* splashLowerRight3.png */ = {isa = PBXFileReference; lastKnownFileType = image.png; path = splashLowerRight3.png; sourceTree = "<group>"; };
		71000E141B6FE38800AF4F23 /* splashRight1.png */ = {isa = PBXFileReference; lastKnownFileType = image.png; path = splashRight1.png; sourceTree = "<group>"; };
		71000E151B6FE38800AF4F23 /* splashRight2.png */ = {isa = PBXFileReference; lastKnownFileType = image.png; path = splashRight2.png; sourceTree = "<group>"; };
		71000E171B6FE38800AF4F23 /* splashUp1.png */ = {isa = PBXFileReference; lastKnownFileType = image.png; path = splashUp1.png; sourceTree = "<group>"; };
		71000E181B6FE38800AF4F23 /* splashUp2.png */ = {isa = PBXFileReference; lastKnownFileType = image.png; path = splashUp2.png; sourceTree = "<group>"; };
		71000E191B6FE38800AF4F23 /* splashUp3.png */ = {isa = PBXFileReference; lastKnownFileType = image.png; path = splashUp3.png; sourceTree = "<group>"; };
		71000E1A1B6FE38800AF4F23 /* splashUpperRight1.png */ = {isa = PBXFileReference; lastKnownFileType = image.png; path = splashUpperRight1.png; sourceTree = "<group>"; };
		71000E1B1B6FE38800AF4F23 /* splashUpperRight2.png */ = {isa = PBXFileReference; lastKnownFileType = image.png; path = splashUpperRight2.png; sourceTree = "<group>"; };
		71000E1C1B6FE38800AF4F23 /* splashUpperRight3.png */ = {isa = PBXFileReference; lastKnownFileType = image.png; path = splashUpperRight3.png; sourceTree = "<group>"; };
		71000E3B1B6FE46100AF4F23 /* splashRight3.png */ = {isa = PBXFileReference; lastKnownFileType = image.png; path = splashRight3.png; sourceTree = "<group>"; };
		71000E3E1B6FEBBB00AF4F23 /* splashLeft1.png */ = {isa = PBXFileReference; lastKnownFileType = image.png; path = splashLeft1.png; sourceTree = "<group>"; };
		71000E3F1B6FEBBB00AF4F23 /* splashLeft2.png */ = {isa = PBXFileReference; lastKnownFileType = image.png; path = splashLeft2.png; sourceTree = "<group>"; };
		71000E401B6FEBBB00AF4F23 /* splashLeft3.png */ = {isa = PBXFileReference; lastKnownFileType = image.png; path = splashLeft3.png; sourceTree = "<group>"; };
		71000E411B6FEBBB00AF4F23 /* splashLowerLeft1.png */ = {isa = PBXFileReference; lastKnownFileType = image.png; path = splashLowerLeft1.png; sourceTree = "<group>"; };
		71000E421B6FEBBB00AF4F23 /* splashLowerLeft2.png */ = {isa = PBXFileReference; lastKnownFileType = image.png; path = splashLowerLeft2.png; sourceTree = "<group>"; };
		71000E431B6FEBBB00AF4F23 /* splashLowerLeft3.png */ = {isa = PBXFileReference; lastKnownFileType = image.png; path = splashLowerLeft3.png; sourceTree = "<group>"; };
		71000E501B6FEBC600AF4F23 /* splashUpperLeft1.png */ = {isa = PBXFileReference; lastKnownFileType = image.png; path = splashUpperLeft1.png; sourceTree = "<group>"; };
		71000E511B6FEBC600AF4F23 /* splashUpperLeft2.png */ = {isa = PBXFileReference; lastKnownFileType = image.png; path = splashUpperLeft2.png; sourceTree = "<group>"; };
		71000E521B6FEBC600AF4F23 /* splashUpperLeft3.png */ = {isa = PBXFileReference; lastKnownFileType = image.png; path = splashUpperLeft3.png; sourceTree = "<group>"; };
		71000E5B1B70116300AF4F23 /* superStar.png */ = {isa = PBXFileReference; lastKnownFileType = image.png; path = superStar.png; sourceTree = "<group>"; };
		71000E601B71898100AF4F23 /* particle_texture.png */ = {isa = PBXFileReference; lastKnownFileType = image.png; name = particle_texture.png; path = "res/resources-4x/particle_texture.png"; sourceTree = "<group>"; };
		71000E651B71D0F700AF4F23 /* particle_texture.plist */ = {isa = PBXFileReference; fileEncoding = 4; lastKnownFileType = text.plist.xml; path = particle_texture.plist; sourceTree = "<group>"; };
		71000E681B7265C000AF4F23 /* title.png */ = {isa = PBXFileReference; lastKnownFileType = image.png; path = title.png; sourceTree = "<group>"; };
		71000E6B1B72802200AF4F23 /* GameOverDialog.cpp */ = {isa = PBXFileReference; fileEncoding = 4; lastKnownFileType = sourcecode.cpp.cpp; path = GameOverDialog.cpp; sourceTree = "<group>"; };
		71000E6C1B72802200AF4F23 /* GameOverDialog.h */ = {isa = PBXFileReference; fileEncoding = 4; lastKnownFileType = sourcecode.c.h; path = GameOverDialog.h; sourceTree = "<group>"; };
		71000E6F1B72858E00AF4F23 /* buttonOk.png */ = {isa = PBXFileReference; lastKnownFileType = image.png; path = buttonOk.png; sourceTree = "<group>"; };
		71000E701B72858E00AF4F23 /* buttonOkPressed.png */ = {isa = PBXFileReference; lastKnownFileType = image.png; path = buttonOkPressed.png; sourceTree = "<group>"; };
		71000E711B72858E00AF4F23 /* draw.png */ = {isa = PBXFileReference; lastKnownFileType = image.png; path = draw.png; sourceTree = "<group>"; };
		71000E721B72858E00AF4F23 /* youLose.png */ = {isa = PBXFileReference; lastKnownFileType = image.png; path = youLose.png; sourceTree = "<group>"; };
		71000E731B72858E00AF4F23 /* youWin.png */ = {isa = PBXFileReference; lastKnownFileType = image.png; path = youWin.png; sourceTree = "<group>"; };
		71000E7E1B72AEF700AF4F23 /* Images.xcassets */ = {isa = PBXFileReference; lastKnownFileType = folder.assetcatalog; name = Images.xcassets; path = "Yuzu iOS/Images.xcassets"; sourceTree = SOURCE_ROOT; };
		71000E801B72BF2600AF4F23 /* InfoPlist.strings */ = {isa = PBXFileReference; fileEncoding = 4; lastKnownFileType = text.plist.strings; name = InfoPlist.strings; path = ios/InfoPlist.strings; sourceTree = SOURCE_ROOT; };
		71000E831B7419AA00AF4F23 /* stage4.tmx */ = {isa = PBXFileReference; fileEncoding = 4; lastKnownFileType = text.xml; path = stage4.tmx; sourceTree = "<group>"; };
		71069CF91B6297C100438AD9 /* playerUpperLeft.png */ = {isa = PBXFileReference; lastKnownFileType = image.png; path = playerUpperLeft.png; sourceTree = "<group>"; };
		71069CFA1B6297C100438AD9 /* playerUpperRight.png */ = {isa = PBXFileReference; lastKnownFileType = image.png; path = playerUpperRight.png; sourceTree = "<group>"; };
		71069CFF1B6297C900438AD9 /* playerLowerLeft.png */ = {isa = PBXFileReference; lastKnownFileType = image.png; path = playerLowerLeft.png; sourceTree = "<group>"; };
		71069D001B6297C900438AD9 /* playerLowerRight.png */ = {isa = PBXFileReference; lastKnownFileType = image.png; path = playerLowerRight.png; sourceTree = "<group>"; };
		710AD88F1B6165280062580E /* Egg.cpp */ = {isa = PBXFileReference; fileEncoding = 4; lastKnownFileType = sourcecode.cpp.cpp; path = Egg.cpp; sourceTree = "<group>"; };
		710AD8901B6165280062580E /* Egg.h */ = {isa = PBXFileReference; fileEncoding = 4; lastKnownFileType = sourcecode.c.h; path = Egg.h; sourceTree = "<group>"; };
		710AD8931B616A7E0062580E /* egg.png */ = {isa = PBXFileReference; lastKnownFileType = image.png; path = egg.png; sourceTree = "<group>"; };
		71128FF61B56D1C400B9216A /* stage1.tmx */ = {isa = PBXFileReference; fileEncoding = 4; lastKnownFileType = text.xml; path = stage1.tmx; sourceTree = "<group>"; };
		71128FFA1B57134400B9216A /* stage2.tmx */ = {isa = PBXFileReference; fileEncoding = 4; lastKnownFileType = text.xml; path = stage2.tmx; sourceTree = "<group>"; };
		711290051B582F7800B9216A /* playerLeft.png */ = {isa = PBXFileReference; lastKnownFileType = image.png; path = playerLeft.png; sourceTree = "<group>"; };
		711290061B582F7800B9216A /* playerRight.png */ = {isa = PBXFileReference; lastKnownFileType = image.png; path = playerRight.png; sourceTree = "<group>"; };
		71166DF61B6AC42200704D28 /* wall.png */ = {isa = PBXFileReference; lastKnownFileType = image.png; path = wall.png; sourceTree = "<group>"; };
		7125E7871B5423680005D5B1 /* TitleScene.cpp */ = {isa = PBXFileReference; fileEncoding = 4; lastKnownFileType = sourcecode.cpp.cpp; path = TitleScene.cpp; sourceTree = "<group>"; };
		7125E7881B5423680005D5B1 /* TitleScene.h */ = {isa = PBXFileReference; fileEncoding = 4; lastKnownFileType = sourcecode.c.h; path = TitleScene.h; sourceTree = "<group>"; };
		7125E78B1B5423A40005D5B1 /* Constants.h */ = {isa = PBXFileReference; fileEncoding = 4; lastKnownFileType = sourcecode.c.h; path = Constants.h; sourceTree = "<group>"; };
		7125E78D1B5429FA0005D5B1 /* Lobby.cpp */ = {isa = PBXFileReference; fileEncoding = 4; lastKnownFileType = sourcecode.cpp.cpp; path = Lobby.cpp; sourceTree = "<group>"; };
		7125E78E1B5429FA0005D5B1 /* Lobby.h */ = {isa = PBXFileReference; fileEncoding = 4; lastKnownFileType = sourcecode.c.h; path = Lobby.h; sourceTree = "<group>"; };
		7125E7911B542CA80005D5B1 /* GameScene.cpp */ = {isa = PBXFileReference; fileEncoding = 4; lastKnownFileType = sourcecode.cpp.cpp; lineEnding = 0; path = GameScene.cpp; sourceTree = "<group>"; xcLanguageSpecificationIdentifier = xcode.lang.cpp; };
		7125E7921B542CA80005D5B1 /* GameScene.h */ = {isa = PBXFileReference; fileEncoding = 4; lastKnownFileType = sourcecode.c.h; lineEnding = 0; path = GameScene.h; sourceTree = "<group>"; xcLanguageSpecificationIdentifier = xcode.lang.objcpp; };
		7125E7961B54307F0005D5B1 /* SceneManager.cpp */ = {isa = PBXFileReference; fileEncoding = 4; lastKnownFileType = sourcecode.cpp.cpp; path = SceneManager.cpp; sourceTree = "<group>"; };
		7125E7971B54307F0005D5B1 /* SceneManager.h */ = {isa = PBXFileReference; fileEncoding = 4; lastKnownFileType = sourcecode.c.h; path = SceneManager.h; sourceTree = "<group>"; };
		7125E79A1B54342B0005D5B1 /* Player.cpp */ = {isa = PBXFileReference; fileEncoding = 4; lastKnownFileType = sourcecode.cpp.cpp; lineEnding = 0; path = Player.cpp; sourceTree = "<group>"; xcLanguageSpecificationIdentifier = xcode.lang.cpp; };
		7125E79B1B54342B0005D5B1 /* Player.h */ = {isa = PBXFileReference; fileEncoding = 4; lastKnownFileType = sourcecode.c.h; lineEnding = 0; path = Player.h; sourceTree = "<group>"; xcLanguageSpecificationIdentifier = xcode.lang.objcpp; };
		7125E7AC1B5456A10005D5B1 /* Bullet.cpp */ = {isa = PBXFileReference; fileEncoding = 4; lastKnownFileType = sourcecode.cpp.cpp; path = Bullet.cpp; sourceTree = "<group>"; };
		7125E7AD1B5456A10005D5B1 /* Bullet.h */ = {isa = PBXFileReference; fileEncoding = 4; lastKnownFileType = sourcecode.c.h; path = Bullet.h; sourceTree = "<group>"; };
		7125E7B01B545A800005D5B1 /* Stage.cpp */ = {isa = PBXFileReference; fileEncoding = 4; lastKnownFileType = sourcecode.cpp.cpp; lineEnding = 0; path = Stage.cpp; sourceTree = "<group>"; xcLanguageSpecificationIdentifier = xcode.lang.cpp; };
		7125E7B11B545A800005D5B1 /* Stage.h */ = {isa = PBXFileReference; fileEncoding = 4; lastKnownFileType = sourcecode.c.h; path = Stage.h; sourceTree = "<group>"; };
		7125E7B41B54781D0005D5B1 /* MathUtils.h */ = {isa = PBXFileReference; lastKnownFileType = sourcecode.c.h; path = MathUtils.h; sourceTree = "<group>"; };
		7125E7C11B5481600005D5B1 /* NetworkingWrapper.h */ = {isa = PBXFileReference; fileEncoding = 4; lastKnownFileType = sourcecode.c.h; path = NetworkingWrapper.h; sourceTree = "<group>"; };
		7125E7C21B5481600005D5B1 /* NetworkingWrapper.mm */ = {isa = PBXFileReference; fileEncoding = 4; lastKnownFileType = sourcecode.cpp.objcpp; path = NetworkingWrapper.mm; sourceTree = "<group>"; };
		7125E7C31B5481600005D5B1 /* NetworkManager.h */ = {isa = PBXFileReference; fileEncoding = 4; lastKnownFileType = sourcecode.c.h; path = NetworkManager.h; sourceTree = "<group>"; };
		7125E7C41B5481600005D5B1 /* NetworkManager.mm */ = {isa = PBXFileReference; fileEncoding = 4; lastKnownFileType = sourcecode.cpp.objcpp; path = NetworkManager.mm; sourceTree = "<group>"; };
		7125E7C51B5481600005D5B1 /* NetworkManagerDelegate.h */ = {isa = PBXFileReference; fileEncoding = 4; lastKnownFileType = sourcecode.c.h; path = NetworkManagerDelegate.h; sourceTree = "<group>"; };
		7125E7C91B5485980005D5B1 /* JSONPacker.cpp */ = {isa = PBXFileReference; fileEncoding = 4; lastKnownFileType = sourcecode.cpp.cpp; path = JSONPacker.cpp; sourceTree = "<group>"; };
		7125E7CA1B5485980005D5B1 /* JSONPacker.h */ = {isa = PBXFileReference; fileEncoding = 4; lastKnownFileType = sourcecode.c.h; path = JSONPacker.h; sourceTree = "<group>"; };
		7125E7CD1B54C11D0005D5B1 /* MultipeerConnectivity.framework */ = {isa = PBXFileReference; lastKnownFileType = wrapper.framework; name = MultipeerConnectivity.framework; path = Platforms/iPhoneOS.platform/Developer/SDKs/iPhoneOS8.4.sdk/System/Library/Frameworks/MultipeerConnectivity.framework; sourceTree = DEVELOPER_DIR; };
		7157253D1B6EEC880050EBCC /* buttonHowToPlay.png */ = {isa = PBXFileReference; lastKnownFileType = image.png; path = buttonHowToPlay.png; sourceTree = "<group>"; };
		7157253E1B6EEC880050EBCC /* buttonPressedHowToPlay.png */ = {isa = PBXFileReference; lastKnownFileType = image.png; path = buttonPressedHowToPlay.png; sourceTree = "<group>"; };
		7157253F1B6EEC880050EBCC /* buttonPressedTraining.png */ = {isa = PBXFileReference; lastKnownFileType = image.png; path = buttonPressedTraining.png; sourceTree = "<group>"; };
		715725401B6EEC880050EBCC /* buttonPressedVsMode.png */ = {isa = PBXFileReference; lastKnownFileType = image.png; path = buttonPressedVsMode.png; sourceTree = "<group>"; };
		715725411B6EEC880050EBCC /* buttonTraining.png */ = {isa = PBXFileReference; lastKnownFileType = image.png; path = buttonTraining.png; sourceTree = "<group>"; };
		715725421B6EEC880050EBCC /* buttonVsMode.png */ = {isa = PBXFileReference; lastKnownFileType = image.png; path = buttonVsMode.png; sourceTree = "<group>"; };
		7157254F1B6F41790050EBCC /* backgroundTitle.png */ = {isa = PBXFileReference; lastKnownFileType = image.png; path = backgroundTitle.png; sourceTree = "<group>"; };
		715725521B6F47940050EBCC /* logo.png */ = {isa = PBXFileReference; lastKnownFileType = image.png; path = logo.png; sourceTree = "<group>"; };
		716E16461B6BFBD600592129 /* healing.png */ = {isa = PBXFileReference; lastKnownFileType = image.png; path = healing.png; sourceTree = "<group>"; };
		71992B8A1B6832EF0065EA2A /* stage3.tmx */ = {isa = PBXFileReference; fileEncoding = 4; lastKnownFileType = text.xml; path = stage3.tmx; sourceTree = "<group>"; };
		71A052371B5EC11A0051813D /* LifeBar.cpp */ = {isa = PBXFileReference; fileEncoding = 4; lastKnownFileType = sourcecode.cpp.cpp; path = LifeBar.cpp; sourceTree = "<group>"; };
		71A052381B5EC11A0051813D /* LifeBar.h */ = {isa = PBXFileReference; fileEncoding = 4; lastKnownFileType = sourcecode.c.h; path = LifeBar.h; sourceTree = "<group>"; };
		71A052411B5EE0370051813D /* life_bg.png */ = {isa = PBXFileReference; lastKnownFileType = image.png; path = life_bg.png; sourceTree = "<group>"; };
		71A052421B5EE0370051813D /* life.png */ = {isa = PBXFileReference; lastKnownFileType = image.png; path = life.png; sourceTree = "<group>"; };
		71BE7A5F1B674F240055D6A8 /* isometric_grass_and_water.png */ = {isa = PBXFileReference; lastKnownFileType = image.png; path = isometric_grass_and_water.png; sourceTree = "<group>"; };
		71BE7A621B674FE00055D6A8 /* egg2.png */ = {isa = PBXFileReference; lastKnownFileType = image.png; path = egg2.png; sourceTree = "<group>"; };
		71BE7A631B674FE00055D6A8 /* egg3.png */ = {isa = PBXFileReference; lastKnownFileType = image.png; path = egg3.png; sourceTree = "<group>"; };
		71DCDF161B583337006CDC3E /* playerDown.png */ = {isa = PBXFileReference; lastKnownFileType = image.png; path = playerDown.png; sourceTree = "<group>"; };
		71DCDF171B583337006CDC3E /* playerUp.png */ = {isa = PBXFileReference; lastKnownFileType = image.png; path = playerUp.png; sourceTree = "<group>"; };
		71DCDF1C1B58379F006CDC3E /* bullet.png */ = {isa = PBXFileReference; lastKnownFileType = image.png; path = bullet.png; sourceTree = "<group>"; };
		8262943D1AAF051F00CB7CF7 /* Security.framework */ = {isa = PBXFileReference; lastKnownFileType = wrapper.framework; name = Security.framework; path = System/Library/Frameworks/Security.framework; sourceTree = SDKROOT; };
		BF170DB012928DE900B8313A /* OpenGLES.framework */ = {isa = PBXFileReference; lastKnownFileType = wrapper.framework; name = OpenGLES.framework; path = System/Library/Frameworks/OpenGLES.framework; sourceTree = SDKROOT; };
		BF170DB412928DE900B8313A /* libz.dylib */ = {isa = PBXFileReference; lastKnownFileType = "compiled.mach-o.dylib"; name = libz.dylib; path = usr/lib/libz.dylib; sourceTree = SDKROOT; };
		BF1C47EA1293683800B63C5D /* QuartzCore.framework */ = {isa = PBXFileReference; lastKnownFileType = wrapper.framework; name = QuartzCore.framework; path = System/Library/Frameworks/QuartzCore.framework; sourceTree = SDKROOT; };
		D44C620B132DFF330009C878 /* OpenAL.framework */ = {isa = PBXFileReference; lastKnownFileType = wrapper.framework; name = OpenAL.framework; path = System/Library/Frameworks/OpenAL.framework; sourceTree = SDKROOT; };
		D44C620D132DFF430009C878 /* AVFoundation.framework */ = {isa = PBXFileReference; lastKnownFileType = wrapper.framework; name = AVFoundation.framework; path = System/Library/Frameworks/AVFoundation.framework; sourceTree = SDKROOT; };
		D44C620F132DFF4E0009C878 /* AudioToolbox.framework */ = {isa = PBXFileReference; lastKnownFileType = wrapper.framework; name = AudioToolbox.framework; path = System/Library/Frameworks/AudioToolbox.framework; sourceTree = SDKROOT; };
		D6B0611A1803AB670077942B /* CoreMotion.framework */ = {isa = PBXFileReference; lastKnownFileType = wrapper.framework; name = CoreMotion.framework; path = Platforms/iPhoneOS.platform/Developer/SDKs/iPhoneOS7.0.sdk/System/Library/Frameworks/CoreMotion.framework; sourceTree = DEVELOPER_DIR; };
/* End PBXFileReference section */

/* Begin PBXFrameworksBuildPhase section */
		1D60588F0D05DD3D006BFB54 /* Frameworks */ = {
			isa = PBXFrameworksBuildPhase;
			buildActionMask = 2147483647;
			files = (
				7125E7CE1B54C11E0005D5B1 /* MultipeerConnectivity.framework in Frameworks */,
				52B47A471A53D09C004E4C60 /* Security.framework in Frameworks */,
				1AC6FB30180E99EB004C840B /* libcocos2d iOS.a in Frameworks */,
				D6B0611B1803AB670077942B /* CoreMotion.framework in Frameworks */,
				1D60589F0D05DD5A006BFB54 /* Foundation.framework in Frameworks */,
				1DF5F4E00D08C38300B7A737 /* UIKit.framework in Frameworks */,
				288765A50DF7441C002DB57D /* CoreGraphics.framework in Frameworks */,
				BF171245129291EC00B8313A /* OpenGLES.framework in Frameworks */,
				BF1712471292920000B8313A /* libz.dylib in Frameworks */,
				BF1C47F01293687400B63C5D /* QuartzCore.framework in Frameworks */,
				D44C620C132DFF330009C878 /* OpenAL.framework in Frameworks */,
				D44C620E132DFF430009C878 /* AVFoundation.framework in Frameworks */,
				D44C6210132DFF4E0009C878 /* AudioToolbox.framework in Frameworks */,
			);
			runOnlyForDeploymentPostprocessing = 0;
		};
		5087E75C17EB910900C73F5D /* Frameworks */ = {
			isa = PBXFrameworksBuildPhase;
			buildActionMask = 2147483647;
			files = (
				1AC6FB21180E996B004C840B /* libcocos2d Mac.a in Frameworks */,
				5087E76717EB910900C73F5D /* libz.dylib in Frameworks */,
				8262943E1AAF051F00CB7CF7 /* Security.framework in Frameworks */,
				503AE11B17EB9C5A00D1A890 /* IOKit.framework in Frameworks */,
				5087E78B17EB975400C73F5D /* OpenGL.framework in Frameworks */,
				5087E78917EB974C00C73F5D /* AppKit.framework in Frameworks */,
				5087E76317EB910900C73F5D /* Foundation.framework in Frameworks */,
				5087E76817EB910900C73F5D /* QuartzCore.framework in Frameworks */,
				5087E76917EB910900C73F5D /* OpenAL.framework in Frameworks */,
				5087E76A17EB910900C73F5D /* AVFoundation.framework in Frameworks */,
				5087E76B17EB910900C73F5D /* AudioToolbox.framework in Frameworks */,
			);
			runOnlyForDeploymentPostprocessing = 0;
		};
/* End PBXFrameworksBuildPhase section */

/* Begin PBXGroup section */
		080E96DDFE201D6D7F000001 /* ios */ = {
			isa = PBXGroup;
			children = (
				5087E77117EB970100C73F5D /* Icons */,
				503AE0FA17EB989F00D1A890 /* AppController.h */,
				503AE0FB17EB989F00D1A890 /* AppController.mm */,
				71000E801B72BF2600AF4F23 /* InfoPlist.strings */,
				503AE0FC17EB989F00D1A890 /* main.m */,
				503AE0FD17EB989F00D1A890 /* Prefix.pch */,
				503AE0FE17EB989F00D1A890 /* RootViewController.h */,
				503AE0FF17EB989F00D1A890 /* RootViewController.mm */,
			);
			name = ios;
			path = Classes;
			sourceTree = "<group>";
		};
		19C28FACFE9D520D11CA2CBB /* Products */ = {
			isa = PBXGroup;
			children = (
				1D6058910D05DD3D006BFB54 /* Yuzu iOS.app */,
				5087E76F17EB910900C73F5D /* Yuzu Mac.app */,
			);
			name = Products;
			sourceTree = "<group>";
		};
		1AC6FAE6180E9839004C840B /* Products */ = {
			isa = PBXGroup;
			children = (
				1AC6FAF9180E9839004C840B /* libcocos2d Mac.a */,
				1AC6FB07180E9839004C840B /* libcocos2d iOS.a */,
			);
			name = Products;
			sourceTree = "<group>";
		};
		29B97314FDCFA39411CA2CEA /* CustomTemplate */ = {
			isa = PBXGroup;
			children = (
				46880B8319C43A87006E1F66 /* Classes */,
				46880B7519C43A67006E1F66 /* Resources */,
				1AC6FAE5180E9839004C840B /* cocos2d_libs.xcodeproj */,
				29B97323FDCFA39411CA2CEA /* Frameworks */,
				080E96DDFE201D6D7F000001 /* ios */,
				503AE10617EB990700D1A890 /* mac */,
				19C28FACFE9D520D11CA2CBB /* Products */,
			);
			name = CustomTemplate;
			sourceTree = "<group>";
		};
		29B97323FDCFA39411CA2CEA /* Frameworks */ = {
			isa = PBXGroup;
			children = (
				7125E7CD1B54C11D0005D5B1 /* MultipeerConnectivity.framework */,
				8262943D1AAF051F00CB7CF7 /* Security.framework */,
				52B47A461A53D09B004E4C60 /* Security.framework */,
				D6B0611A1803AB670077942B /* CoreMotion.framework */,
				503AE11A17EB9C5A00D1A890 /* IOKit.framework */,
				503AE11117EB99EE00D1A890 /* libcurl.dylib */,
				5087E78A17EB975400C73F5D /* OpenGL.framework */,
				5087E78817EB974C00C73F5D /* AppKit.framework */,
				1ACB3243164770DE00914215 /* libcurl.a */,
				BF170DB412928DE900B8313A /* libz.dylib */,
				D44C620F132DFF4E0009C878 /* AudioToolbox.framework */,
				D44C620D132DFF430009C878 /* AVFoundation.framework */,
				288765A40DF7441C002DB57D /* CoreGraphics.framework */,
				1D30AB110D05D00D00671497 /* Foundation.framework */,
				D44C620B132DFF330009C878 /* OpenAL.framework */,
				BF170DB012928DE900B8313A /* OpenGLES.framework */,
				BF1C47EA1293683800B63C5D /* QuartzCore.framework */,
				1DF5F4DF0D08C38300B7A737 /* UIKit.framework */,
			);
			name = Frameworks;
			sourceTree = "<group>";
		};
		46880B7519C43A67006E1F66 /* Resources */ = {
			isa = PBXGroup;
			children = (
				71000E7E1B72AEF700AF4F23 /* Images.xcassets */,
				521A8EA819F11F5000D177D7 /* fonts */,
				3EACC98E19EE6D4300EB3C5E /* res */,
				46880B7619C43A67006E1F66 /* CloseNormal.png */,
				46880B7719C43A67006E1F66 /* CloseSelected.png */,
				71000E651B71D0F700AF4F23 /* particle_texture.plist */,
				71000E711B72858E00AF4F23 /* draw.png */,
				71000E721B72858E00AF4F23 /* youLose.png */,
				71000E731B72858E00AF4F23 /* youWin.png */,
				71000E601B71898100AF4F23 /* particle_texture.png */,
				7157254F1B6F41790050EBCC /* backgroundTitle.png */,
				71DCDF1C1B58379F006CDC3E /* bullet.png */,
				71000E6F1B72858E00AF4F23 /* buttonOk.png */,
				71000E701B72858E00AF4F23 /* buttonOkPressed.png */,
				7157253D1B6EEC880050EBCC /* buttonHowToPlay.png */,
				7157253E1B6EEC880050EBCC /* buttonPressedHowToPlay.png */,
				7157253F1B6EEC880050EBCC /* buttonPressedTraining.png */,
				715725401B6EEC880050EBCC /* buttonPressedVsMode.png */,
				715725411B6EEC880050EBCC /* buttonTraining.png */,
				715725421B6EEC880050EBCC /* buttonVsMode.png */,
				71A052411B5EE0370051813D /* life_bg.png */,
				71A052421B5EE0370051813D /* life.png */,
				71000E681B7265C000AF4F23 /* title.png */,
				715725521B6F47940050EBCC /* logo.png */,
				71000E0D1B6FE15600AF4F23 /* animations */,
				71992B901B6931D60065EA2A /* items */,
				71992B8E1B6931930065EA2A /* players */,
				71992B8F1B69319A0065EA2A /* stages */,
				46880B7A19C43A67006E1F66 /* HelloWorld.png */,
			);
			name = Resources;
			path = ../Resources;
			sourceTree = "<group>";
		};
		46880B8319C43A87006E1F66 /* Classes */ = {
			isa = PBXGroup;
			children = (
				7125E79F1B54345B0005D5B1 /* GameSprites */,
				7125E7C81B5481650005D5B1 /* Networking */,
				7125E79E1B54344B0005D5B1 /* Scenes */,
				46880B8419C43A87006E1F66 /* AppDelegate.cpp */,
				46880B8519C43A87006E1F66 /* AppDelegate.h */,
				7125E78B1B5423A40005D5B1 /* Constants.h */,
				7125E7B41B54781D0005D5B1 /* MathUtils.h */,
			);
			name = Classes;
			path = ../Classes;
			sourceTree = "<group>";
		};
		503AE0F517EB97AB00D1A890 /* Icons */ = {
			isa = PBXGroup;
			children = (
				503AE0F617EB97AB00D1A890 /* Icon.icns */,
				503AE0F717EB97AB00D1A890 /* Info.plist */,
			);
			name = Icons;
			path = mac;
			sourceTree = SOURCE_ROOT;
		};
		503AE10617EB990700D1A890 /* mac */ = {
			isa = PBXGroup;
			children = (
				503AE0F517EB97AB00D1A890 /* Icons */,
				503AE10317EB98FF00D1A890 /* main.cpp */,
				503AE10417EB98FF00D1A890 /* Prefix.pch */,
			);
			name = mac;
			sourceTree = "<group>";
		};
		5087E77117EB970100C73F5D /* Icons */ = {
			isa = PBXGroup;
			children = (
				521A8E6219F0C34300D177D7 /* Default-667h@2x.png */,
				521A8E6319F0C34300D177D7 /* Default-736h@3x.png */,
				5087E77217EB970100C73F5D /* Default-568h@2x.png */,
				5087E77317EB970100C73F5D /* Default.png */,
				5087E77417EB970100C73F5D /* Default@2x.png */,
				50EF62A017ECD613001EB2F8 /* Icon-29.png */,
				50EF62A117ECD613001EB2F8 /* Icon-50.png */,
				50EF629217ECD46A001EB2F8 /* Icon-40.png */,
				50EF629317ECD46A001EB2F8 /* Icon-58.png */,
				50EF629417ECD46A001EB2F8 /* Icon-80.png */,
				50EF629517ECD46A001EB2F8 /* Icon-100.png */,
				5087E77517EB970100C73F5D /* Icon-114.png */,
				5087E77617EB970100C73F5D /* Icon-120.png */,
				5087E77717EB970100C73F5D /* Icon-144.png */,
				5087E77817EB970100C73F5D /* Icon-152.png */,
				5087E77917EB970100C73F5D /* Icon-57.png */,
				5087E77A17EB970100C73F5D /* Icon-72.png */,
				5087E77B17EB970100C73F5D /* Icon-76.png */,
				5087E77C17EB970100C73F5D /* Info.plist */,
			);
			name = Icons;
			path = ios;
			sourceTree = SOURCE_ROOT;
		};
		71000E0D1B6FE15600AF4F23 /* animations */ = {
			isa = PBXGroup;
			children = (
				71000E3E1B6FEBBB00AF4F23 /* splashLeft1.png */,
				71000E3F1B6FEBBB00AF4F23 /* splashLeft2.png */,
				71000E401B6FEBBB00AF4F23 /* splashLeft3.png */,
				71000E411B6FEBBB00AF4F23 /* splashLowerLeft1.png */,
				71000E421B6FEBBB00AF4F23 /* splashLowerLeft2.png */,
				71000E431B6FEBBB00AF4F23 /* splashLowerLeft3.png */,
				71000E0E1B6FE38800AF4F23 /* splashDown1.png */,
				71000E0F1B6FE38800AF4F23 /* splashDown2.png */,
				71000E101B6FE38800AF4F23 /* splashDown3.png */,
				71000E111B6FE38800AF4F23 /* splashLowerRight1.png */,
				71000E121B6FE38800AF4F23 /* splashLowerRight2.png */,
				71000E131B6FE38800AF4F23 /* splashLowerRight3.png */,
				71000E141B6FE38800AF4F23 /* splashRight1.png */,
				71000E151B6FE38800AF4F23 /* splashRight2.png */,
				71000E3B1B6FE46100AF4F23 /* splashRight3.png */,
				71000E501B6FEBC600AF4F23 /* splashUpperLeft1.png */,
				71000E511B6FEBC600AF4F23 /* splashUpperLeft2.png */,
				71000E521B6FEBC600AF4F23 /* splashUpperLeft3.png */,
				71000E171B6FE38800AF4F23 /* splashUp1.png */,
				71000E181B6FE38800AF4F23 /* splashUp2.png */,
				71000E191B6FE38800AF4F23 /* splashUp3.png */,
				71000E1A1B6FE38800AF4F23 /* splashUpperRight1.png */,
				71000E1B1B6FE38800AF4F23 /* splashUpperRight2.png */,
				71000E1C1B6FE38800AF4F23 /* splashUpperRight3.png */,
			);
			name = animations;
			sourceTree = "<group>";
		};
		7125E79E1B54344B0005D5B1 /* Scenes */ = {
			isa = PBXGroup;
			children = (
				7125E7911B542CA80005D5B1 /* GameScene.cpp */,
				7125E7921B542CA80005D5B1 /* GameScene.h */,
				7125E78D1B5429FA0005D5B1 /* Lobby.cpp */,
				7125E78E1B5429FA0005D5B1 /* Lobby.h */,
				7125E7961B54307F0005D5B1 /* SceneManager.cpp */,
				7125E7971B54307F0005D5B1 /* SceneManager.h */,
				7125E7871B5423680005D5B1 /* TitleScene.cpp */,
				7125E7881B5423680005D5B1 /* TitleScene.h */,
			);
			name = Scenes;
			sourceTree = "<group>";
		};
		7125E79F1B54345B0005D5B1 /* GameSprites */ = {
			isa = PBXGroup;
			children = (
				7125E7AC1B5456A10005D5B1 /* Bullet.cpp */,
				7125E7AD1B5456A10005D5B1 /* Bullet.h */,
				710AD88F1B6165280062580E /* Egg.cpp */,
				710AD8901B6165280062580E /* Egg.h */,
				71000E6B1B72802200AF4F23 /* GameOverDialog.cpp */,
				71000E6C1B72802200AF4F23 /* GameOverDialog.h */,
				71A052371B5EC11A0051813D /* LifeBar.cpp */,
				71A052381B5EC11A0051813D /* LifeBar.h */,
				7125E79A1B54342B0005D5B1 /* Player.cpp */,
				7125E79B1B54342B0005D5B1 /* Player.h */,
				7125E7B01B545A800005D5B1 /* Stage.cpp */,
				7125E7B11B545A800005D5B1 /* Stage.h */,
			);
			name = GameSprites;
			sourceTree = "<group>";
		};
		7125E7C81B5481650005D5B1 /* Networking */ = {
			isa = PBXGroup;
			children = (
				7125E7C91B5485980005D5B1 /* JSONPacker.cpp */,
				7125E7CA1B5485980005D5B1 /* JSONPacker.h */,
				7125E7C11B5481600005D5B1 /* NetworkingWrapper.h */,
				7125E7C21B5481600005D5B1 /* NetworkingWrapper.mm */,
				7125E7C31B5481600005D5B1 /* NetworkManager.h */,
				7125E7C41B5481600005D5B1 /* NetworkManager.mm */,
				7125E7C51B5481600005D5B1 /* NetworkManagerDelegate.h */,
			);
			name = Networking;
			sourceTree = "<group>";
		};
		71992B8E1B6931930065EA2A /* players */ = {
			isa = PBXGroup;
			children = (
				71DCDF161B583337006CDC3E /* playerDown.png */,
				71DCDF171B583337006CDC3E /* playerUp.png */,
				711290051B582F7800B9216A /* playerLeft.png */,
				711290061B582F7800B9216A /* playerRight.png */,
				71069CF91B6297C100438AD9 /* playerUpperLeft.png */,
				71069CFA1B6297C100438AD9 /* playerUpperRight.png */,
				71069CFF1B6297C900438AD9 /* playerLowerLeft.png */,
				71069D001B6297C900438AD9 /* playerLowerRight.png */,
			);
			name = players;
			sourceTree = "<group>";
		};
		71992B8F1B69319A0065EA2A /* stages */ = {
			isa = PBXGroup;
			children = (
				71BE7A5F1B674F240055D6A8 /* isometric_grass_and_water.png */,
				71128FF61B56D1C400B9216A /* stage1.tmx */,
				71128FFA1B57134400B9216A /* stage2.tmx */,
				71992B8A1B6832EF0065EA2A /* stage3.tmx */,
				71000E831B7419AA00AF4F23 /* stage4.tmx */,
				71166DF61B6AC42200704D28 /* wall.png */,
			);
			name = stages;
			sourceTree = "<group>";
		};
		71992B901B6931D60065EA2A /* items */ = {
			isa = PBXGroup;
			children = (
				710AD8931B616A7E0062580E /* egg.png */,
				71BE7A621B674FE00055D6A8 /* egg2.png */,
				71BE7A631B674FE00055D6A8 /* egg3.png */,
				716E16461B6BFBD600592129 /* healing.png */,
				71000E5B1B70116300AF4F23 /* superStar.png */,
			);
			name = items;
			sourceTree = "<group>";
		};
/* End PBXGroup section */

/* Begin PBXNativeTarget section */
		1D6058900D05DD3D006BFB54 /* Yuzu iOS */ = {
			isa = PBXNativeTarget;
			buildConfigurationList = 1D6058960D05DD3E006BFB54 /* Build configuration list for PBXNativeTarget "Yuzu iOS" */;
			buildPhases = (
				1D60588D0D05DD3D006BFB54 /* Resources */,
				1D60588E0D05DD3D006BFB54 /* Sources */,
				1D60588F0D05DD3D006BFB54 /* Frameworks */,
			);
			buildRules = (
			);
			dependencies = (
				1AC6FB25180E99E1004C840B /* PBXTargetDependency */,
			);
			name = "Yuzu iOS";
			productName = iphone;
			productReference = 1D6058910D05DD3D006BFB54 /* Yuzu iOS.app */;
			productType = "com.apple.product-type.application";
		};
		5087E73D17EB910900C73F5D /* Yuzu Mac */ = {
			isa = PBXNativeTarget;
			buildConfigurationList = 5087E76C17EB910900C73F5D /* Build configuration list for PBXNativeTarget "Yuzu Mac" */;
			buildPhases = (
				5087E74817EB910900C73F5D /* Resources */,
				5087E75617EB910900C73F5D /* Sources */,
				5087E75C17EB910900C73F5D /* Frameworks */,
			);
			buildRules = (
			);
			dependencies = (
				1AC6FB16180E9959004C840B /* PBXTargetDependency */,
			);
			name = "Yuzu Mac";
			productName = iphone;
			productReference = 5087E76F17EB910900C73F5D /* Yuzu Mac.app */;
			productType = "com.apple.product-type.application";
		};
/* End PBXNativeTarget section */

/* Begin PBXProject section */
		29B97313FDCFA39411CA2CEA /* Project object */ = {
			isa = PBXProject;
			attributes = {
				LastUpgradeCheck = 0640;
				TargetAttributes = {
					1D6058900D05DD3D006BFB54 = {
						DevelopmentTeam = C5A626MXMG;
					};
				};
			};
			buildConfigurationList = C01FCF4E08A954540054247B /* Build configuration list for PBXProject "Yuzu" */;
			compatibilityVersion = "Xcode 3.2";
			developmentRegion = English;
			hasScannedForEncodings = 1;
			knownRegions = (
				English,
				Japanese,
				French,
				German,
			);
			mainGroup = 29B97314FDCFA39411CA2CEA /* CustomTemplate */;
			projectDirPath = "";
			projectReferences = (
				{
					ProductGroup = 1AC6FAE6180E9839004C840B /* Products */;
					ProjectRef = 1AC6FAE5180E9839004C840B /* cocos2d_libs.xcodeproj */;
				},
			);
			projectRoot = "";
			targets = (
				1D6058900D05DD3D006BFB54 /* Yuzu iOS */,
				5087E73D17EB910900C73F5D /* Yuzu Mac */,
			);
		};
/* End PBXProject section */

/* Begin PBXReferenceProxy section */
		1AC6FAF9180E9839004C840B /* libcocos2d Mac.a */ = {
			isa = PBXReferenceProxy;
			fileType = archive.ar;
			path = "libcocos2d Mac.a";
			remoteRef = 1AC6FAF8180E9839004C840B /* PBXContainerItemProxy */;
			sourceTree = BUILT_PRODUCTS_DIR;
		};
		1AC6FB07180E9839004C840B /* libcocos2d iOS.a */ = {
			isa = PBXReferenceProxy;
			fileType = archive.ar;
			path = "libcocos2d iOS.a";
			remoteRef = 1AC6FB06180E9839004C840B /* PBXContainerItemProxy */;
			sourceTree = BUILT_PRODUCTS_DIR;
		};
/* End PBXReferenceProxy section */

/* Begin PBXResourcesBuildPhase section */
		1D60588D0D05DD3D006BFB54 /* Resources */ = {
			isa = PBXResourcesBuildPhase;
			buildActionMask = 2147483647;
			files = (
				715725451B6EEC880050EBCC /* buttonPressedHowToPlay.png in Resources */,
				5087E78117EB970100C73F5D /* Icon-120.png in Resources */,
				5087E78617EB970100C73F5D /* Icon-76.png in Resources */,
				71000E551B6FEBC600AF4F23 /* splashUpperLeft2.png in Resources */,
				71000E661B71D0F700AF4F23 /* particle_texture.plist in Resources */,
				5087E77F17EB970100C73F5D /* Default@2x.png in Resources */,
				71DCDF1D1B58379F006CDC3E /* bullet.png in Resources */,
				50EF629917ECD46A001EB2F8 /* Icon-100.png in Resources */,
				5087E78317EB970100C73F5D /* Icon-152.png in Resources */,
				71000E2F1B6FE38800AF4F23 /* splashUp1.png in Resources */,
				71000E441B6FEBBB00AF4F23 /* splashLeft1.png in Resources */,
				46880B8119C43A67006E1F66 /* HelloWorld.png in Resources */,
				71000E741B72858E00AF4F23 /* buttonOk.png in Resources */,
				71000E811B72BF2600AF4F23 /* InfoPlist.strings in Resources */,
				715725471B6EEC880050EBCC /* buttonPressedTraining.png in Resources */,
				46880B7D19C43A67006E1F66 /* CloseSelected.png in Resources */,
				71000E691B7265C000AF4F23 /* title.png in Resources */,
				71BE7A681B674FE00055D6A8 /* egg3.png in Resources */,
				5087E77D17EB970100C73F5D /* Default-568h@2x.png in Resources */,
				71000E371B6FE38800AF4F23 /* splashUpperRight2.png in Resources */,
				71000E4A1B6FEBBB00AF4F23 /* splashLowerLeft1.png in Resources */,
				711290071B582F7800B9216A /* playerLeft.png in Resources */,
				71166DF71B6AC42200704D28 /* wall.png in Resources */,
				71128FFD1B57134400B9216A /* stage2.tmx in Resources */,
				71000E631B71898100AF4F23 /* particle_texture.png in Resources */,
				71000E481B6FEBBB00AF4F23 /* splashLeft3.png in Resources */,
				71000E4C1B6FEBBB00AF4F23 /* splashLowerLeft2.png in Resources */,
				71992B8B1B6832EF0065EA2A /* stage3.tmx in Resources */,
				71000E391B6FE38800AF4F23 /* splashUpperRight3.png in Resources */,
				71069CFB1B6297C100438AD9 /* playerUpperLeft.png in Resources */,
				71A052431B5EE0370051813D /* life_bg.png in Resources */,
				71069D011B6297C900438AD9 /* playerLowerLeft.png in Resources */,
				5087E78517EB970100C73F5D /* Icon-72.png in Resources */,
				71000E211B6FE38800AF4F23 /* splashDown3.png in Resources */,
				71BE7A661B674FE00055D6A8 /* egg2.png in Resources */,
				71000E231B6FE38800AF4F23 /* splashLowerRight1.png in Resources */,
				71000E4E1B6FEBBB00AF4F23 /* splashLowerLeft3.png in Resources */,
				71A052451B5EE0370051813D /* life.png in Resources */,
				521A8E6519F0C34300D177D7 /* Default-736h@3x.png in Resources */,
				715725501B6F41790050EBCC /* backgroundTitle.png in Resources */,
				521A8EA919F11F5000D177D7 /* fonts in Resources */,
				71069CFD1B6297C100438AD9 /* playerUpperRight.png in Resources */,
				71000E7A1B72858E00AF4F23 /* youLose.png in Resources */,
				50EF62A317ECD613001EB2F8 /* Icon-50.png in Resources */,
				715725531B6F47940050EBCC /* logo.png in Resources */,
				5087E78017EB970100C73F5D /* Icon-114.png in Resources */,
				50EF62A217ECD613001EB2F8 /* Icon-29.png in Resources */,
				71000E271B6FE38800AF4F23 /* splashLowerRight3.png in Resources */,
				71BE7A601B674F240055D6A8 /* isometric_grass_and_water.png in Resources */,
				71000E251B6FE38800AF4F23 /* splashLowerRight2.png in Resources */,
				50EF629617ECD46A001EB2F8 /* Icon-40.png in Resources */,
				71000E781B72858E00AF4F23 /* draw.png in Resources */,
				71DCDF1A1B583337006CDC3E /* playerUp.png in Resources */,
				5087E78217EB970100C73F5D /* Icon-144.png in Resources */,
				71000E841B7419AA00AF4F23 /* stage4.tmx in Resources */,
				715725431B6EEC880050EBCC /* buttonHowToPlay.png in Resources */,
				71000E1D1B6FE38800AF4F23 /* splashDown1.png in Resources */,
				71000E761B72858E00AF4F23 /* buttonOkPressed.png in Resources */,
				3EACC98F19EE6D4300EB3C5E /* res in Resources */,
				50EF629817ECD46A001EB2F8 /* Icon-80.png in Resources */,
				71000E461B6FEBBB00AF4F23 /* splashLeft2.png in Resources */,
				71000E291B6FE38800AF4F23 /* splashRight1.png in Resources */,
				71000E5C1B70116300AF4F23 /* superStar.png in Resources */,
				71DCDF181B583337006CDC3E /* playerDown.png in Resources */,
				71000E571B6FEBC600AF4F23 /* splashUpperLeft3.png in Resources */,
				711290091B582F7800B9216A /* playerRight.png in Resources */,
				71000E531B6FEBC600AF4F23 /* splashUpperLeft1.png in Resources */,
				7157254B1B6EEC880050EBCC /* buttonTraining.png in Resources */,
				71000E7F1B72AEF700AF4F23 /* Images.xcassets in Resources */,
				71128FF71B56D1C400B9216A /* stage1.tmx in Resources */,
				715725491B6EEC880050EBCC /* buttonPressedVsMode.png in Resources */,
				71000E351B6FE38800AF4F23 /* splashUpperRight1.png in Resources */,
				71000E3C1B6FE46100AF4F23 /* splashRight3.png in Resources */,
				71069D031B6297C900438AD9 /* playerLowerRight.png in Resources */,
				7157254D1B6EEC880050EBCC /* buttonVsMode.png in Resources */,
				71000E7C1B72858E00AF4F23 /* youWin.png in Resources */,
				5087E78417EB970100C73F5D /* Icon-57.png in Resources */,
				710AD8941B616A7E0062580E /* egg.png in Resources */,
				5087E77E17EB970100C73F5D /* Default.png in Resources */,
				71000E1F1B6FE38800AF4F23 /* splashDown2.png in Resources */,
				521A8E6419F0C34300D177D7 /* Default-667h@2x.png in Resources */,
				46880B7B19C43A67006E1F66 /* CloseNormal.png in Resources */,
				716E16471B6BFBD600592129 /* healing.png in Resources */,
				71000E2B1B6FE38800AF4F23 /* splashRight2.png in Resources */,
				50EF629717ECD46A001EB2F8 /* Icon-58.png in Resources */,
				71000E311B6FE38800AF4F23 /* splashUp2.png in Resources */,
				71000E331B6FE38800AF4F23 /* splashUp3.png in Resources */,
			);
			runOnlyForDeploymentPostprocessing = 0;
		};
		5087E74817EB910900C73F5D /* Resources */ = {
			isa = PBXResourcesBuildPhase;
			buildActionMask = 2147483647;
			files = (
				71000E301B6FE38800AF4F23 /* splashUp1.png in Resources */,
				71000E201B6FE38800AF4F23 /* splashDown2.png in Resources */,
				716E16481B6BFBD600592129 /* healing.png in Resources */,
				71069CFE1B6297C100438AD9 /* playerUpperRight.png in Resources */,
				46880B8219C43A67006E1F66 /* HelloWorld.png in Resources */,
				71000E491B6FEBBB00AF4F23 /* splashLeft3.png in Resources */,
				71000E2A1B6FE38800AF4F23 /* splashRight1.png in Resources */,
				71BE7A671B674FE00055D6A8 /* egg2.png in Resources */,
				71000E3D1B6FE46100AF4F23 /* splashRight3.png in Resources */,
				71DCDF1E1B58379F006CDC3E /* bullet.png in Resources */,
				71069D021B6297C900438AD9 /* playerLowerLeft.png in Resources */,
				71000E641B71898100AF4F23 /* particle_texture.png in Resources */,
				503AE0F817EB97AB00D1A890 /* Icon.icns in Resources */,
				71000E3A1B6FE38800AF4F23 /* splashUpperRight3.png in Resources */,
				3EACC99019EE6D4300EB3C5E /* res in Resources */,
				715725481B6EEC880050EBCC /* buttonPressedTraining.png in Resources */,
				71000E4F1B6FEBBB00AF4F23 /* splashLowerLeft3.png in Resources */,
				71DCDF191B583337006CDC3E /* playerDown.png in Resources */,
				71000E4D1B6FEBBB00AF4F23 /* splashLowerLeft2.png in Resources */,
				715725441B6EEC880050EBCC /* buttonHowToPlay.png in Resources */,
				71000E341B6FE38800AF4F23 /* splashUp3.png in Resources */,
				71000E751B72858E00AF4F23 /* buttonOk.png in Resources */,
				71000E281B6FE38800AF4F23 /* splashLowerRight3.png in Resources */,
				71000E5D1B70116300AF4F23 /* superStar.png in Resources */,
				521A8EAA19F11F5000D177D7 /* fonts in Resources */,
				71000E1E1B6FE38800AF4F23 /* splashDown1.png in Resources */,
				71000E321B6FE38800AF4F23 /* splashUp2.png in Resources */,
				71000E4B1B6FEBBB00AF4F23 /* splashLowerLeft1.png in Resources */,
				71000E451B6FEBBB00AF4F23 /* splashLeft1.png in Resources */,
				71000E361B6FE38800AF4F23 /* splashUpperRight1.png in Resources */,
				71069CFC1B6297C100438AD9 /* playerUpperLeft.png in Resources */,
				715725461B6EEC880050EBCC /* buttonPressedHowToPlay.png in Resources */,
				71000E241B6FE38800AF4F23 /* splashLowerRight1.png in Resources */,
				71069D041B6297C900438AD9 /* playerLowerRight.png in Resources */,
				71992B8C1B6832EF0065EA2A /* stage3.tmx in Resources */,
				71000E381B6FE38800AF4F23 /* splashUpperRight2.png in Resources */,
				7157254E1B6EEC880050EBCC /* buttonVsMode.png in Resources */,
				71000E261B6FE38800AF4F23 /* splashLowerRight2.png in Resources */,
				46880B7C19C43A67006E1F66 /* CloseNormal.png in Resources */,
				71000E221B6FE38800AF4F23 /* splashDown3.png in Resources */,
				71000E791B72858E00AF4F23 /* draw.png in Resources */,
				71000E541B6FEBC600AF4F23 /* splashUpperLeft1.png in Resources */,
				71128FF81B56D1C400B9216A /* stage1.tmx in Resources */,
				715725541B6F47940050EBCC /* logo.png in Resources */,
				7112900A1B582F7800B9216A /* playerRight.png in Resources */,
				71000E6A1B7265C000AF4F23 /* title.png in Resources */,
				715725511B6F41790050EBCC /* backgroundTitle.png in Resources */,
				71000E561B6FEBC600AF4F23 /* splashUpperLeft2.png in Resources */,
				71000E851B7419AA00AF4F23 /* stage4.tmx in Resources */,
				71000E2C1B6FE38800AF4F23 /* splashRight2.png in Resources */,
				71A052461B5EE0370051813D /* life.png in Resources */,
				46880B7E19C43A67006E1F66 /* CloseSelected.png in Resources */,
				71BE7A691B674FE00055D6A8 /* egg3.png in Resources */,
				7157254C1B6EEC880050EBCC /* buttonTraining.png in Resources */,
				71000E7B1B72858E00AF4F23 /* youLose.png in Resources */,
				71000E821B72BF2600AF4F23 /* InfoPlist.strings in Resources */,
				710AD8951B616A7E0062580E /* egg.png in Resources */,
				71000E7D1B72858E00AF4F23 /* youWin.png in Resources */,
				71128FFE1B57134400B9216A /* stage2.tmx in Resources */,
				71BE7A611B674F240055D6A8 /* isometric_grass_and_water.png in Resources */,
				7157254A1B6EEC880050EBCC /* buttonPressedVsMode.png in Resources */,
				71000E671B71D0F700AF4F23 /* particle_texture.plist in Resources */,
				71000E471B6FEBBB00AF4F23 /* splashLeft2.png in Resources */,
				71000E771B72858E00AF4F23 /* buttonOkPressed.png in Resources */,
				71A052441B5EE0370051813D /* life_bg.png in Resources */,
				71000E581B6FEBC600AF4F23 /* splashUpperLeft3.png in Resources */,
				71DCDF1B1B583337006CDC3E /* playerUp.png in Resources */,
				711290081B582F7800B9216A /* playerLeft.png in Resources */,
				71166DF81B6AC42200704D28 /* wall.png in Resources */,
			);
			runOnlyForDeploymentPostprocessing = 0;
		};
/* End PBXResourcesBuildPhase section */

/* Begin PBXSourcesBuildPhase section */
		1D60588E0D05DD3D006BFB54 /* Sources */ = {
			isa = PBXSourcesBuildPhase;
			buildActionMask = 2147483647;
			files = (
				46880B8819C43A87006E1F66 /* AppDelegate.cpp in Sources */,
				71A052391B5EC11A0051813D /* LifeBar.cpp in Sources */,
				7125E7C61B5481600005D5B1 /* NetworkingWrapper.mm in Sources */,
				503AE10017EB989F00D1A890 /* AppController.mm in Sources */,
				7125E79C1B54342B0005D5B1 /* Player.cpp in Sources */,
				7125E7B21B545A800005D5B1 /* Stage.cpp in Sources */,
				7125E7981B54307F0005D5B1 /* SceneManager.cpp in Sources */,
				7125E78F1B5429FA0005D5B1 /* Lobby.cpp in Sources */,
				7125E7AE1B5456A10005D5B1 /* Bullet.cpp in Sources */,
				503AE10217EB989F00D1A890 /* RootViewController.mm in Sources */,
				7125E7CB1B5485980005D5B1 /* JSONPacker.cpp in Sources */,
				71000E6D1B72802200AF4F23 /* GameOverDialog.cpp in Sources */,
				710AD8911B6165280062580E /* Egg.cpp in Sources */,
				7125E7931B542CA80005D5B1 /* GameScene.cpp in Sources */,
				7125E7C71B5481600005D5B1 /* NetworkManager.mm in Sources */,
				503AE10117EB989F00D1A890 /* main.m in Sources */,
				7125E7891B5423680005D5B1 /* TitleScene.cpp in Sources */,
			);
			runOnlyForDeploymentPostprocessing = 0;
		};
		5087E75617EB910900C73F5D /* Sources */ = {
			isa = PBXSourcesBuildPhase;
			buildActionMask = 2147483647;
			files = (
				7125E7941B542CA80005D5B1 /* GameScene.cpp in Sources */,
				7125E79D1B54342B0005D5B1 /* Player.cpp in Sources */,
				46880B8919C43A87006E1F66 /* AppDelegate.cpp in Sources */,
				710AD8921B6165280062580E /* Egg.cpp in Sources */,
				7125E7AF1B5456A10005D5B1 /* Bullet.cpp in Sources */,
				7125E7991B54307F0005D5B1 /* SceneManager.cpp in Sources */,
				503AE10517EB98FF00D1A890 /* main.cpp in Sources */,
				7125E7901B5429FA0005D5B1 /* Lobby.cpp in Sources */,
				7125E7CC1B5485980005D5B1 /* JSONPacker.cpp in Sources */,
				71000E6E1B72802200AF4F23 /* GameOverDialog.cpp in Sources */,
				7125E78A1B5423680005D5B1 /* TitleScene.cpp in Sources */,
				7125E7B31B545A800005D5B1 /* Stage.cpp in Sources */,
				71A0523A1B5EC11A0051813D /* LifeBar.cpp in Sources */,
			);
			runOnlyForDeploymentPostprocessing = 0;
		};
/* End PBXSourcesBuildPhase section */

/* Begin PBXTargetDependency section */
		1AC6FB16180E9959004C840B /* PBXTargetDependency */ = {
			isa = PBXTargetDependency;
			name = "cocos2dx Mac";
			targetProxy = 1AC6FB15180E9959004C840B /* PBXContainerItemProxy */;
		};
		1AC6FB25180E99E1004C840B /* PBXTargetDependency */ = {
			isa = PBXTargetDependency;
			name = "cocos2dx iOS";
			targetProxy = 1AC6FB24180E99E1004C840B /* PBXContainerItemProxy */;
		};
/* End PBXTargetDependency section */

/* Begin XCBuildConfiguration section */
		1D6058940D05DD3E006BFB54 /* Debug */ = {
			isa = XCBuildConfiguration;
			buildSettings = {
				ALWAYS_SEARCH_USER_PATHS = YES;
				ASSETCATALOG_COMPILER_APPICON_NAME = AppIcon;
				ASSETCATALOG_COMPILER_LAUNCHIMAGE_NAME = LaunchImage;
				CODE_SIGN_IDENTITY = "iPhone Developer";
				COMPRESS_PNG_FILES = NO;
				GCC_DYNAMIC_NO_PIC = NO;
				GCC_INLINES_ARE_PRIVATE_EXTERN = NO;
				GCC_PRECOMPILE_PREFIX_HEADER = YES;
				GCC_PREFIX_HEADER = ios/Prefix.pch;
				GCC_PREPROCESSOR_DEFINITIONS = (
					USE_FILE32API,
					CC_TARGET_OS_IPHONE,
					"COCOS2D_DEBUG=1",
					"CC_ENABLE_CHIPMUNK_INTEGRATION=1",
				);
				GCC_SYMBOLS_PRIVATE_EXTERN = NO;
				HEADER_SEARCH_PATHS = (
					"$(inherited)",
					"$(SRCROOT)/../cocos2d/cocos/platform/ios",
					"$(SRCROOT)/../cocos2d/cocos/platform/ios/Simulation",
				);
				INFOPLIST_FILE = ios/Info.plist;
				INSTALL_GROUP = admin;
				IPHONEOS_DEPLOYMENT_TARGET = 5.0;
				LIBRARY_SEARCH_PATHS = "";
				OTHER_LDFLAGS = (
					"$(_COCOS_LIB_IOS_BEGIN)",
					"$(_COCOS_LIB_IOS_END)",
				);
				SDKROOT = iphoneos;
				TARGETED_DEVICE_FAMILY = "1,2";
				USER_HEADER_SEARCH_PATHS = "$(_COCOS_HEADER_IOS_BEGIN) $(_COCOS_HEADER_IOS_END)";
				VALID_ARCHS = "arm64 armv7";
			};
			name = Debug;
		};
		1D6058950D05DD3E006BFB54 /* Release */ = {
			isa = XCBuildConfiguration;
			buildSettings = {
				ALWAYS_SEARCH_USER_PATHS = YES;
				ASSETCATALOG_COMPILER_APPICON_NAME = AppIcon;
				ASSETCATALOG_COMPILER_LAUNCHIMAGE_NAME = LaunchImage;
				CODE_SIGN_IDENTITY = "iPhone Developer";
				COMPRESS_PNG_FILES = NO;
				GCC_INLINES_ARE_PRIVATE_EXTERN = NO;
				GCC_PRECOMPILE_PREFIX_HEADER = YES;
				GCC_PREFIX_HEADER = ios/Prefix.pch;
				GCC_PREPROCESSOR_DEFINITIONS = (
					USE_FILE32API,
					CC_TARGET_OS_IPHONE,
					"CC_ENABLE_CHIPMUNK_INTEGRATION=1",
				);
				GCC_SYMBOLS_PRIVATE_EXTERN = NO;
				HEADER_SEARCH_PATHS = (
					"$(inherited)",
					"$(SRCROOT)/../cocos2d/cocos/platform/ios",
					"$(SRCROOT)/../cocos2d/cocos/platform/ios/Simulation",
				);
				INFOPLIST_FILE = ios/Info.plist;
				INSTALL_GROUP = admin;
				IPHONEOS_DEPLOYMENT_TARGET = 5.0;
				LIBRARY_SEARCH_PATHS = "";
				OTHER_LDFLAGS = (
					"$(_COCOS_LIB_IOS_BEGIN)",
					"$(_COCOS_LIB_IOS_END)",
				);
				SDKROOT = iphoneos;
				TARGETED_DEVICE_FAMILY = "1,2";
				USER_HEADER_SEARCH_PATHS = "$(_COCOS_HEADER_IOS_BEGIN) $(_COCOS_HEADER_IOS_END)";
				VALID_ARCHS = "arm64 armv7";
			};
			name = Release;
		};
		5087E76D17EB910900C73F5D /* Debug */ = {
			isa = XCBuildConfiguration;
			buildSettings = {
				ALWAYS_SEARCH_USER_PATHS = YES;
				CLANG_CXX_LANGUAGE_STANDARD = "c++0x";
				CLANG_CXX_LIBRARY = "libc++";
				COMBINE_HIDPI_IMAGES = YES;
				GCC_DYNAMIC_NO_PIC = NO;
				GCC_INLINES_ARE_PRIVATE_EXTERN = NO;
				GCC_PRECOMPILE_PREFIX_HEADER = YES;
				GCC_PREFIX_HEADER = mac/Prefix.pch;
				GCC_PREPROCESSOR_DEFINITIONS = (
					USE_FILE32API,
					CC_TARGET_OS_MAC,
					"COCOS2D_DEBUG=1",
					"CC_ENABLE_CHIPMUNK_INTEGRATION=1",
				);
				GCC_SYMBOLS_PRIVATE_EXTERN = NO;
				HEADER_SEARCH_PATHS = (
					"$(inherited)",
					"$(SRCROOT)/../cocos2d/cocos/platform/mac",
					"$(SRCROOT)/../cocos2d/external/glfw3/include/mac",
				);
				INFOPLIST_FILE = mac/Info.plist;
				INSTALL_GROUP = admin;
				LIBRARY_SEARCH_PATHS = "";
				OTHER_LDFLAGS = (
					"$(_COCOS_LIB_MAC_BEGIN)",
					"$(_COCOS_LIB_MAC_END)",
				);
				USER_HEADER_SEARCH_PATHS = "$(_COCOS_HEADER_MAC_BEGIN) $(_COCOS_HEADER_MAC_END)";
			};
			name = Debug;
		};
		5087E76E17EB910900C73F5D /* Release */ = {
			isa = XCBuildConfiguration;
			buildSettings = {
				ALWAYS_SEARCH_USER_PATHS = YES;
				CLANG_CXX_LANGUAGE_STANDARD = "c++0x";
				CLANG_CXX_LIBRARY = "libc++";
				COMBINE_HIDPI_IMAGES = YES;
				GCC_INLINES_ARE_PRIVATE_EXTERN = NO;
				GCC_PRECOMPILE_PREFIX_HEADER = YES;
				GCC_PREFIX_HEADER = mac/Prefix.pch;
				GCC_PREPROCESSOR_DEFINITIONS = (
					USE_FILE32API,
					CC_TARGET_OS_MAC,
					"CC_ENABLE_CHIPMUNK_INTEGRATION=1",
				);
				GCC_SYMBOLS_PRIVATE_EXTERN = NO;
				HEADER_SEARCH_PATHS = (
					"$(inherited)",
					"$(SRCROOT)/../cocos2d/cocos/platform/mac",
					"$(SRCROOT)/../cocos2d/external/glfw3/include/mac",
				);
				INFOPLIST_FILE = mac/Info.plist;
				INSTALL_GROUP = admin;
				LIBRARY_SEARCH_PATHS = "";
				OTHER_LDFLAGS = (
					"$(_COCOS_LIB_MAC_BEGIN)",
					"$(_COCOS_LIB_MAC_END)",
				);
				USER_HEADER_SEARCH_PATHS = "$(_COCOS_HEADER_MAC_BEGIN) $(_COCOS_HEADER_MAC_END)";
			};
			name = Release;
		};
		C01FCF4F08A954540054247B /* Debug */ = {
			isa = XCBuildConfiguration;
			buildSettings = {
				ALTERNATE_GROUP = admin;
				CLANG_CXX_LANGUAGE_STANDARD = "c++0x";
				CLANG_CXX_LIBRARY = "libc++";
				COPY_PHASE_STRIP = NO;
				DEBUG_INFORMATION_FORMAT = dwarf;
				GCC_OPTIMIZATION_LEVEL = 0;
				GCC_WARN_ABOUT_RETURN_TYPE = YES;
				GCC_WARN_UNUSED_VARIABLE = YES;
				HEADER_SEARCH_PATHS = (
					"$(SRCROOT)/../cocos2d",
					"$(SRCROOT)/../cocos2d/cocos",
					"$(SRCROOT)/../cocos2d/cocos/base",
					"$(SRCROOT)/../cocos2d/cocos/physics",
					"$(SRCROOT)/../cocos2d/cocos/math",
					"$(SRCROOT)/../cocos2d/cocos/2d",
					"$(SRCROOT)/../cocos2d/cocos/ui",
					"$(SRCROOT)/../cocos2d/cocos/network",
					"$(SRCROOT)/../cocos2d/cocos/audio/include",
					"$(SRCROOT)/../cocos2d/cocos/editor-support",
					"$(SRCROOT)/../cocos2d/extensions",
					"$(SRCROOT)/../cocos2d/external",
					"$(SRCROOT)/../cocos2d/external/chipmunk/include/chipmunk",
				);
				INSTALL_GROUP = admin;
				MACOSX_DEPLOYMENT_TARGET = 10.7;
				ONLY_ACTIVE_ARCH = YES;
				PRODUCT_NAME = "$(TARGET_NAME)";
				SDKROOT = macosx;
			};
			name = Debug;
		};
		C01FCF5008A954540054247B /* Release */ = {
			isa = XCBuildConfiguration;
			buildSettings = {
				ALTERNATE_GROUP = admin;
				CLANG_CXX_LANGUAGE_STANDARD = "c++0x";
				CLANG_CXX_LIBRARY = "libc++";
				DEBUG_INFORMATION_FORMAT = dwarf;
				GCC_WARN_ABOUT_RETURN_TYPE = YES;
				GCC_WARN_UNUSED_VARIABLE = YES;
				HEADER_SEARCH_PATHS = (
					"$(SRCROOT)/../cocos2d",
					"$(SRCROOT)/../cocos2d/cocos",
					"$(SRCROOT)/../cocos2d/cocos/base",
					"$(SRCROOT)/../cocos2d/cocos/physics",
					"$(SRCROOT)/../cocos2d/cocos/math",
					"$(SRCROOT)/../cocos2d/cocos/2d",
					"$(SRCROOT)/../cocos2d/cocos/ui",
					"$(SRCROOT)/../cocos2d/cocos/network",
					"$(SRCROOT)/../cocos2d/cocos/audio/include",
					"$(SRCROOT)/../cocos2d/cocos/editor-support",
					"$(SRCROOT)/../cocos2d/extensions",
					"$(SRCROOT)/../cocos2d/external",
					"$(SRCROOT)/../cocos2d/external/chipmunk/include/chipmunk",
				);
				INSTALL_GROUP = admin;
				MACOSX_DEPLOYMENT_TARGET = 10.7;
				OTHER_CFLAGS = "-DNS_BLOCK_ASSERTIONS=1";
				PRODUCT_NAME = "$(TARGET_NAME)";
				SDKROOT = macosx;
				VALIDATE_PRODUCT = YES;
			};
			name = Release;
		};
/* End XCBuildConfiguration section */

/* Begin XCConfigurationList section */
		1D6058960D05DD3E006BFB54 /* Build configuration list for PBXNativeTarget "Yuzu iOS" */ = {
			isa = XCConfigurationList;
			buildConfigurations = (
				1D6058940D05DD3E006BFB54 /* Debug */,
				1D6058950D05DD3E006BFB54 /* Release */,
			);
			defaultConfigurationIsVisible = 0;
			defaultConfigurationName = Debug;
		};
		5087E76C17EB910900C73F5D /* Build configuration list for PBXNativeTarget "Yuzu Mac" */ = {
			isa = XCConfigurationList;
			buildConfigurations = (
				5087E76D17EB910900C73F5D /* Debug */,
				5087E76E17EB910900C73F5D /* Release */,
			);
			defaultConfigurationIsVisible = 0;
			defaultConfigurationName = Debug;
		};
		C01FCF4E08A954540054247B /* Build configuration list for PBXProject "Yuzu" */ = {
			isa = XCConfigurationList;
			buildConfigurations = (
				C01FCF4F08A954540054247B /* Debug */,
				C01FCF5008A954540054247B /* Release */,
			);
			defaultConfigurationIsVisible = 0;
			defaultConfigurationName = Debug;
		};
/* End XCConfigurationList section */
	};
	rootObject = 29B97313FDCFA39411CA2CEA /* Project object */;
}
